// !$*UTF8*$!
{
	archiveVersion = 1;
	classes = {
	};
	objectVersion = 46;
	objects = {

/* Begin PBXBuildFile section */
		AA9CD01C141EE17D0064C27A /* Foundation.framework in Frameworks */ = {isa = PBXBuildFile; fileRef = AA9CD01B141EE17D0064C27A /* Foundation.framework */; };
		AA9CD064141EE26B0064C27A /* Pow2Assert.cpp in Sources */ = {isa = PBXBuildFile; fileRef = AA9CD054141EE26B0064C27A /* Pow2Assert.cpp */; };
		AA9CD065141EE26B0064C27A /* vhcl_audio.cpp in Sources */ = {isa = PBXBuildFile; fileRef = AA9CD055141EE26B0064C27A /* vhcl_audio.cpp */; };
		AA9CD066141EE26B0064C27A /* vhcl_crash.cpp in Sources */ = {isa = PBXBuildFile; fileRef = AA9CD056141EE26B0064C27A /* vhcl_crash.cpp */; };
		AA9CD067141EE26B0064C27A /* vhcl_log.cpp in Sources */ = {isa = PBXBuildFile; fileRef = AA9CD057141EE26B0064C27A /* vhcl_log.cpp */; };
		AA9CD068141EE26B0064C27A /* vhcl_memory.cpp in Sources */ = {isa = PBXBuildFile; fileRef = AA9CD058141EE26B0064C27A /* vhcl_memory.cpp */; };
		AA9CD069141EE26B0064C27A /* vhcl_string.cpp in Sources */ = {isa = PBXBuildFile; fileRef = AA9CD059141EE26B0064C27A /* vhcl_string.cpp */; };
		AA9CD06A141EE26B0064C27A /* vhcl_timer.cpp in Sources */ = {isa = PBXBuildFile; fileRef = AA9CD05A141EE26B0064C27A /* vhcl_timer.cpp */; };
		AADDAE94154DD01900A86087 /* vhcl_socket.cpp in Sources */ = {isa = PBXBuildFile; fileRef = AADDAE92154DD01900A86087 /* vhcl_socket.cpp */; };
		AADDAE95154DD01900A86087 /* vhcl_math.cpp in Sources */ = {isa = PBXBuildFile; fileRef = AADDAE93154DD01900A86087 /* vhcl_math.cpp */; };
/* End PBXBuildFile section */

/* Begin PBXFileReference section */
		AA9CD018141EE17D0064C27A /* libvhcl.a */ = {isa = PBXFileReference; explicitFileType = archive.ar; includeInIndex = 0; path = libvhcl.a; sourceTree = BUILT_PRODUCTS_DIR; };
		AA9CD01B141EE17D0064C27A /* Foundation.framework */ = {isa = PBXFileReference; lastKnownFileType = wrapper.framework; name = Foundation.framework; path = System/Library/Frameworks/Foundation.framework; sourceTree = SDKROOT; };
		AA9CD01F141EE17D0064C27A /* vhcl-Prefix.pch */ = {isa = PBXFileReference; lastKnownFileType = sourcecode.c.h; path = "vhcl-Prefix.pch"; sourceTree = "<group>"; };
		AA9CD054141EE26B0064C27A /* Pow2Assert.cpp */ = {isa = PBXFileReference; fileEncoding = 4; lastKnownFileType = sourcecode.cpp.cpp; path = Pow2Assert.cpp; sourceTree = "<group>"; };
		AA9CD055141EE26B0064C27A /* vhcl_audio.cpp */ = {isa = PBXFileReference; fileEncoding = 4; lastKnownFileType = sourcecode.cpp.cpp; path = vhcl_audio.cpp; sourceTree = "<group>"; };
		AA9CD056141EE26B0064C27A /* vhcl_crash.cpp */ = {isa = PBXFileReference; fileEncoding = 4; lastKnownFileType = sourcecode.cpp.cpp; path = vhcl_crash.cpp; sourceTree = "<group>"; };
		AA9CD057141EE26B0064C27A /* vhcl_log.cpp */ = {isa = PBXFileReference; fileEncoding = 4; lastKnownFileType = sourcecode.cpp.cpp; path = vhcl_log.cpp; sourceTree = "<group>"; };
		AA9CD058141EE26B0064C27A /* vhcl_memory.cpp */ = {isa = PBXFileReference; fileEncoding = 4; lastKnownFileType = sourcecode.cpp.cpp; path = vhcl_memory.cpp; sourceTree = "<group>"; };
		AA9CD059141EE26B0064C27A /* vhcl_string.cpp */ = {isa = PBXFileReference; fileEncoding = 4; lastKnownFileType = sourcecode.cpp.cpp; path = vhcl_string.cpp; sourceTree = "<group>"; };
		AA9CD05A141EE26B0064C27A /* vhcl_timer.cpp */ = {isa = PBXFileReference; fileEncoding = 4; lastKnownFileType = sourcecode.cpp.cpp; path = vhcl_timer.cpp; sourceTree = "<group>"; };
		AADDAE92154DD01900A86087 /* vhcl_socket.cpp */ = {isa = PBXFileReference; fileEncoding = 4; lastKnownFileType = sourcecode.cpp.cpp; path = vhcl_socket.cpp; sourceTree = "<group>"; };
		AADDAE93154DD01900A86087 /* vhcl_math.cpp */ = {isa = PBXFileReference; fileEncoding = 4; lastKnownFileType = sourcecode.cpp.cpp; path = vhcl_math.cpp; sourceTree = "<group>"; };
/* End PBXFileReference section */

/* Begin PBXFrameworksBuildPhase section */
		AA9CD015141EE17D0064C27A /* Frameworks */ = {
			isa = PBXFrameworksBuildPhase;
			buildActionMask = 2147483647;
			files = (
				AA9CD01C141EE17D0064C27A /* Foundation.framework in Frameworks */,
			);
			runOnlyForDeploymentPostprocessing = 0;
		};
/* End PBXFrameworksBuildPhase section */

/* Begin PBXGroup section */
		AA9CD00D141EE17D0064C27A = {
			isa = PBXGroup;
			children = (
				AA9CD01D141EE17D0064C27A /* vhcl */,
				AA9CD01A141EE17D0064C27A /* Frameworks */,
				AA9CD019141EE17D0064C27A /* Products */,
			);
			sourceTree = "<group>";
		};
		AA9CD019141EE17D0064C27A /* Products */ = {
			isa = PBXGroup;
			children = (
				AA9CD018141EE17D0064C27A /* libvhcl.a */,
			);
			name = Products;
			sourceTree = "<group>";
		};
		AA9CD01A141EE17D0064C27A /* Frameworks */ = {
			isa = PBXGroup;
			children = (
				AA9CD01B141EE17D0064C27A /* Foundation.framework */,
			);
			name = Frameworks;
			sourceTree = "<group>";
		};
		AA9CD01D141EE17D0064C27A /* vhcl */ = {
			isa = PBXGroup;
			children = (
				AA9CD044141EE26B0064C27A /* src */,
				AA9CD01E141EE17D0064C27A /* Supporting Files */,
			);
			path = vhcl;
			sourceTree = "<group>";
		};
		AA9CD01E141EE17D0064C27A /* Supporting Files */ = {
			isa = PBXGroup;
			children = (
				AA9CD01F141EE17D0064C27A /* vhcl-Prefix.pch */,
			);
			name = "Supporting Files";
			sourceTree = "<group>";
		};
		AA9CD044141EE26B0064C27A /* src */ = {
			isa = PBXGroup;
			children = (
				AADDAE92154DD01900A86087 /* vhcl_socket.cpp */,
				AADDAE93154DD01900A86087 /* vhcl_math.cpp */,
				AA9CD054141EE26B0064C27A /* Pow2Assert.cpp */,
				AA9CD055141EE26B0064C27A /* vhcl_audio.cpp */,
				AA9CD056141EE26B0064C27A /* vhcl_crash.cpp */,
				AA9CD057141EE26B0064C27A /* vhcl_log.cpp */,
				AA9CD058141EE26B0064C27A /* vhcl_memory.cpp */,
				AA9CD059141EE26B0064C27A /* vhcl_string.cpp */,
				AA9CD05A141EE26B0064C27A /* vhcl_timer.cpp */,
			);
			name = src;
			path = ../../../lib/vhcl/src;
			sourceTree = "<group>";
		};
/* End PBXGroup section */

/* Begin PBXHeadersBuildPhase section */
		AA9CD016141EE17D0064C27A /* Headers */ = {
			isa = PBXHeadersBuildPhase;
			buildActionMask = 2147483647;
			files = (
			);
			runOnlyForDeploymentPostprocessing = 0;
		};
/* End PBXHeadersBuildPhase section */

/* Begin PBXNativeTarget section */
		AA9CD017141EE17D0064C27A /* vhcl */ = {
			isa = PBXNativeTarget;
			buildConfigurationList = AA9CD022141EE17D0064C27A /* Build configuration list for PBXNativeTarget "vhcl" */;
			buildPhases = (
				AA9CD014141EE17D0064C27A /* Sources */,
				AA9CD015141EE17D0064C27A /* Frameworks */,
				AA9CD016141EE17D0064C27A /* Headers */,
				AA17914F14216DE600DCA9FE /* ShellScript */,
			);
			buildRules = (
			);
			dependencies = (
			);
			name = vhcl;
			productName = vhcl;
			productReference = AA9CD018141EE17D0064C27A /* libvhcl.a */;
			productType = "com.apple.product-type.library.static";
		};
/* End PBXNativeTarget section */

/* Begin PBXProject section */
		AA9CD00F141EE17D0064C27A /* Project object */ = {
			isa = PBXProject;
			attributes = {
			};
			buildConfigurationList = AA9CD012141EE17D0064C27A /* Build configuration list for PBXProject "vhcl" */;
			compatibilityVersion = "Xcode 3.2";
			developmentRegion = English;
			hasScannedForEncodings = 0;
			knownRegions = (
				en,
			);
			mainGroup = AA9CD00D141EE17D0064C27A;
			productRefGroup = AA9CD019141EE17D0064C27A /* Products */;
			projectDirPath = "";
			projectRoot = "";
			targets = (
				AA9CD017141EE17D0064C27A /* vhcl */,
			);
		};
/* End PBXProject section */

/* Begin PBXShellScriptBuildPhase section */
		AA17914F14216DE600DCA9FE /* ShellScript */ = {
			isa = PBXShellScriptBuildPhase;
			buildActionMask = 2147483647;
			files = (
			);
			inputPaths = (
			);
			outputPaths = (
			);
			runOnlyForDeploymentPostprocessing = 0;
			shellPath = /bin/sh;
			shellScript = "cp $BUILD_DIR/$CONFIGURATION$EFFECTIVE_PLATFORM_NAME/*.a $PROJECT_DIR/../libs/$PLATFORM_NAME";
		};
/* End PBXShellScriptBuildPhase section */

/* Begin PBXSourcesBuildPhase section */
		AA9CD014141EE17D0064C27A /* Sources */ = {
			isa = PBXSourcesBuildPhase;
			buildActionMask = 2147483647;
			files = (
				AA9CD064141EE26B0064C27A /* Pow2Assert.cpp in Sources */,
				AA9CD065141EE26B0064C27A /* vhcl_audio.cpp in Sources */,
				AA9CD066141EE26B0064C27A /* vhcl_crash.cpp in Sources */,
				AA9CD067141EE26B0064C27A /* vhcl_log.cpp in Sources */,
				AA9CD068141EE26B0064C27A /* vhcl_memory.cpp in Sources */,
				AA9CD069141EE26B0064C27A /* vhcl_string.cpp in Sources */,
				AA9CD06A141EE26B0064C27A /* vhcl_timer.cpp in Sources */,
				AADDAE94154DD01900A86087 /* vhcl_socket.cpp in Sources */,
				AADDAE95154DD01900A86087 /* vhcl_math.cpp in Sources */,
			);
			runOnlyForDeploymentPostprocessing = 0;
		};
/* End PBXSourcesBuildPhase section */

/* Begin XCBuildConfiguration section */
		AA9CD020141EE17D0064C27A /* Debug */ = {
			isa = XCBuildConfiguration;
			buildSettings = {
				ARCHS = "$(ARCHS_STANDARD_32_BIT)";
				GCC_C_LANGUAGE_STANDARD = gnu99;
				GCC_OPTIMIZATION_LEVEL = 0;
				GCC_PREPROCESSOR_DEFINITIONS = DEBUG;
				GCC_SYMBOLS_PRIVATE_EXTERN = NO;
				GCC_VERSION = com.apple.compilers.llvmgcc42;
				GCC_WARN_ABOUT_RETURN_TYPE = YES;
				GCC_WARN_UNUSED_VARIABLE = YES;
				IPHONEOS_DEPLOYMENT_TARGET = 4.3;
				SDKROOT = iphoneos;
			};
			name = Debug;
		};
		AA9CD021141EE17D0064C27A /* Release */ = {
			isa = XCBuildConfiguration;
			buildSettings = {
				ARCHS = "$(ARCHS_STANDARD_32_BIT)";
				GCC_C_LANGUAGE_STANDARD = gnu99;
				GCC_VERSION = com.apple.compilers.llvmgcc42;
				GCC_WARN_ABOUT_RETURN_TYPE = YES;
				GCC_WARN_UNUSED_VARIABLE = YES;
				IPHONEOS_DEPLOYMENT_TARGET = 4.3;
				SDKROOT = iphoneos;
			};
			name = Release;
		};
		AA9CD023141EE17D0064C27A /* Debug */ = {
			isa = XCBuildConfiguration;
			buildSettings = {
				ALWAYS_SEARCH_USER_PATHS = NO;
				DSTROOT = /tmp/vhcl.dst;
				FRAMEWORK_SEARCH_PATHS = "$(inherited)";
				GCC_PRECOMPILE_PREFIX_HEADER = YES;
				GCC_PREFIX_HEADER = "vhcl/vhcl-Prefix.pch";
				GCC_VERSION = "";
				HEADER_SEARCH_PATHS = (
					../../lib/vhcl/include,
					../libsndfile/iphoneos/include,
					../freealut/iphoneos/include,
				);
				IPHONEOS_DEPLOYMENT_TARGET = 4.1;
				ONLY_ACTIVE_ARCH = YES;
				OTHER_LDFLAGS = "-ObjC";
				PRODUCT_NAME = "$(TARGET_NAME)";
				SYMROOT = $PROJECT_DIR/build;
				TARGETED_DEVICE_FAMILY = "1,2";
			};
			name = Debug;
		};
		AA9CD024141EE17D0064C27A /* Release */ = {
			isa = XCBuildConfiguration;
			buildSettings = {
				ALWAYS_SEARCH_USER_PATHS = NO;
				DSTROOT = /tmp/vhcl.dst;
				FRAMEWORK_SEARCH_PATHS = "$(inherited)";
				GCC_PRECOMPILE_PREFIX_HEADER = YES;
				GCC_PREFIX_HEADER = "vhcl/vhcl-Prefix.pch";
				GCC_VERSION = "";
				HEADER_SEARCH_PATHS = (
					../../lib/vhcl/include,
					../libsndfile/iphoneos/include,
					../freealut/iphoneos/include,
				);
				IPHONEOS_DEPLOYMENT_TARGET = 4.1;
				ONLY_ACTIVE_ARCH = YES;
				OTHER_LDFLAGS = "-ObjC";
				PRODUCT_NAME = "$(TARGET_NAME)";
				SYMROOT = $PROJECT_DIR/build;
				TARGETED_DEVICE_FAMILY = "1,2";
			};
			name = Release;
		};
/* End XCBuildConfiguration section */

/* Begin XCConfigurationList section */
		AA9CD012141EE17D0064C27A /* Build configuration list for PBXProject "vhcl" */ = {
			isa = XCConfigurationList;
			buildConfigurations = (
				AA9CD020141EE17D0064C27A /* Debug */,
				AA9CD021141EE17D0064C27A /* Release */,
			);
			defaultConfigurationIsVisible = 0;
			defaultConfigurationName = Release;
		};
		AA9CD022141EE17D0064C27A /* Build configuration list for PBXNativeTarget "vhcl" */ = {
			isa = XCConfigurationList;
			buildConfigurations = (
				AA9CD023141EE17D0064C27A /* Debug */,
				AA9CD024141EE17D0064C27A /* Release */,
			);
			defaultConfigurationIsVisible = 0;
			defaultConfigurationName = Release;
		};
/* End XCConfigurationList section */
	};
	rootObject = AA9CD00F141EE17D0064C27A /* Project object */;
}
