Microsoft Visual Studio Solution File, Format Version 12.00
# Visual Studio 14
VisualStudioVersion = 14.0.25123.0
MinimumVisualStudioVersion = 10.0.40219.1
Project("{FAE04EC0-301F-11D3-BF4B-00C04F79EFBC}") = "vs2010-activemq", "lib\activemq\activemq-dotnet\Apache.NMS.ActiveMQ\vs2010-activemq.csproj", "{08321F42-4B3D-4815-B592-95962BAC3B9F}"
EndProject
Project("{FAE04EC0-301F-11D3-BF4B-00C04F79EFBC}") = "vs2010-nms", "lib\activemq\activemq-dotnet\Apache.NMS\vs2010-nms.csproj", "{300C1716-0674-4D01-8F5D-151E59A504FE}"
EndProject
Project("{8BC9CEB8-8B4A-11D0-8D11-00A0C91BC942}") = "vhmsg", "lib\vhmsg\vhmsg-c\vhmsg.vcxproj", "{49840C67-5A25-4D7A-AF21-5976735F7D7D}"
EndProject
Project("{FAE04EC0-301F-11D3-BF4B-00C04F79EFBC}") = "vhmsg-net", "lib\vhmsg\vhmsg-net\vhmsg-net.csproj", "{DE4240A9-DBBA-410F-888F-462384A5B280}"
EndProject
Project("{8BC9CEB8-8B4A-11D0-8D11-00A0C91BC942}") = "bonebus", "lib\bonebus\bonebus.vcxproj", "{BFC6E348-DBEA-4118-94E6-BB7FCD8EC7F6}"
EndProject
Project("{8BC9CEB8-8B4A-11D0-8D11-00A0C91BC942}") = "vhcl", "lib\vhcl\vhcl.vcxproj", "{662CF3EB-B816-4727-9D1D-4071C25A3312}"
EndProject
Project("{8BC9CEB8-8B4A-11D0-8D11-00A0C91BC942}") = "OgreViewer", "core\ogre-viewer\build\vs2008\OgreViewer.vcxproj", "{B19F5657-AA08-4D34-B3A3-58045074DBBB}"
	ProjectSection(ProjectDependencies) = postProject
		{4559341E-D53D-45E5-A67C-43D7C5956636} = {4559341E-D53D-45E5-A67C-43D7C5956636}
		{A8E03E2E-B9AE-4574-81A2-F661819322E1} = {A8E03E2E-B9AE-4574-81A2-F661819322E1}
		{8BBCFC4A-6B52-461E-8BBA-A86DE3FAD6F6} = {8BBCFC4A-6B52-461E-8BBA-A86DE3FAD6F6}
	EndProjectSection
EndProject
Project("{FAE04EC0-301F-11D3-BF4B-00C04F79EFBC}") = "MsSpeechRelay", "core\MsSpeechRelay\MsSpeechRelay.csproj", "{406544EA-6FBB-4ABD-A6E8-ECC9B80F4E20}"
EndProject
Project("{8BC9CEB8-8B4A-11D0-8D11-00A0C91BC942}") = "pprAI", "core\smartbody\steersuite-1.3\pprAI\build\win32\pprAI.vcxproj", "{A8E03E2E-B9AE-4574-81A2-F661819322E1}"
EndProject
Project("{8BC9CEB8-8B4A-11D0-8D11-00A0C91BC942}") = "steerlib", "core\smartbody\steersuite-1.3\steerlib\build\win32\steerlib.vcxproj", "{4559341E-D53D-45E5-A67C-43D7C5956636}"
EndProject
Project("{8BC9CEB8-8B4A-11D0-8D11-00A0C91BC942}") = "FestivalDLL", "core\TtsRelay\FestivalDll\FestivalDLL.vcxproj", "{451F912C-9774-4473-9E9B-363560B2695E}"
EndProject
Project("{FAE04EC0-301F-11D3-BF4B-00C04F79EFBC}") = "TtsRelay", "core\TtsRelay\TtsRelay.csproj", "{20C3D8FC-B1E9-49B4-9BBB-485AA95F56D2}"
	ProjectSection(ProjectDependencies) = postProject
		{451F912C-9774-4473-9E9B-363560B2695E} = {451F912C-9774-4473-9E9B-363560B2695E}
	EndProjectSection
EndProject
Project("{FAE04EC0-301F-11D3-BF4B-00C04F79EFBC}") = "TtsRelayGui", "core\TtsRelay\gui\TtsRelayGui.csproj", "{8337A68C-24FE-4572-B6BE-FB3696F8F87E}"
EndProject
Project("{8BC9CEB8-8B4A-11D0-8D11-00A0C91BC942}") = "FestivalRelay", "core\FestivalRelay\FestivalRelay.vcxproj", "{2E2A44E1-D441-4A88-9125-E6DA9BCA5352}"
EndProject
Project("{2150E333-8FDC-42A3-9474-1A3956D46DE8}") = "tts", "tts", "{8BAFDAFC-F40D-43E8-9765-C8FBEC2F42AD}"
EndProject
Project("{8BC9CEB8-8B4A-11D0-8D11-00A0C91BC942}") = "simplesmartbody", "core\smartbody\simplesmartbody\simplesmartbody.vcxproj", "{8C3800DB-85D8-490A-9E4B-14235F2A2711}"
	ProjectSection(ProjectDependencies) = postProject
		{4559341E-D53D-45E5-A67C-43D7C5956636} = {4559341E-D53D-45E5-A67C-43D7C5956636}
		{A8E03E2E-B9AE-4574-81A2-F661819322E1} = {A8E03E2E-B9AE-4574-81A2-F661819322E1}
		{8BBCFC4A-6B52-461E-8BBA-A86DE3FAD6F6} = {8BBCFC4A-6B52-461E-8BBA-A86DE3FAD6F6}
		{49840C67-5A25-4D7A-AF21-5976735F7D7D} = {49840C67-5A25-4D7A-AF21-5976735F7D7D}
		{662CF3EB-B816-4727-9D1D-4071C25A3312} = {662CF3EB-B816-4727-9D1D-4071C25A3312}
	EndProjectSection
EndProject
Project("{8BC9CEB8-8B4A-11D0-8D11-00A0C91BC942}") = "SmartBody", "core\smartbody\SmartBody\SmartBody.vcxproj", "{8BBCFC4A-6B52-461E-8BBA-A86DE3FAD6F6}"
	ProjectSection(ProjectDependencies) = postProject
		{4559341E-D53D-45E5-A67C-43D7C5956636} = {4559341E-D53D-45E5-A67C-43D7C5956636}
		{A8E03E2E-B9AE-4574-81A2-F661819322E1} = {A8E03E2E-B9AE-4574-81A2-F661819322E1}
		{15792434-64D2-43D6-9029-259721587DA2} = {15792434-64D2-43D6-9029-259721587DA2}
		{BFC6E348-DBEA-4118-94E6-BB7FCD8EC7F6} = {BFC6E348-DBEA-4118-94E6-BB7FCD8EC7F6}
		{49840C67-5A25-4D7A-AF21-5976735F7D7D} = {49840C67-5A25-4D7A-AF21-5976735F7D7D}
		{662CF3EB-B816-4727-9D1D-4071C25A3312} = {662CF3EB-B816-4727-9D1D-4071C25A3312}
	EndProjectSection
EndProject
Project("{8BC9CEB8-8B4A-11D0-8D11-00A0C91BC942}") = "sbgui", "core\smartbody\sbgui\visualc9\sbgui.vcxproj", "{2C18CD04-407B-420A-8CDC-1C6325F87072}"
	ProjectSection(ProjectDependencies) = postProject
		{E1BABF1B-764A-46BC-9E0B-9948D6DEEBA0} = {E1BABF1B-764A-46BC-9E0B-9948D6DEEBA0}
		{4559341E-D53D-45E5-A67C-43D7C5956636} = {4559341E-D53D-45E5-A67C-43D7C5956636}
		{A8E03E2E-B9AE-4574-81A2-F661819322E1} = {A8E03E2E-B9AE-4574-81A2-F661819322E1}
		{8BBCFC4A-6B52-461E-8BBA-A86DE3FAD6F6} = {8BBCFC4A-6B52-461E-8BBA-A86DE3FAD6F6}
		{835E35C4-9AB1-4CB3-A8A9-A0B89171280D} = {835E35C4-9AB1-4CB3-A8A9-A0B89171280D}
		{662CF3EB-B816-4727-9D1D-4071C25A3312} = {662CF3EB-B816-4727-9D1D-4071C25A3312}
	EndProjectSection
EndProject
Project("{8BC9CEB8-8B4A-11D0-8D11-00A0C91BC942}") = "Pinocchio", "core\smartbody\sbgui\external\Pinocchio\Pinocchio.vcxproj", "{835E35C4-9AB1-4CB3-A8A9-A0B89171280D}"
EndProject
Project("{8BC9CEB8-8B4A-11D0-8D11-00A0C91BC942}") = "PolyVoxCore", "core\smartbody\sbgui\external\polyvox\build\library\PolyVoxCore\PolyVoxCore.vcxproj", "{E1BABF1B-764A-46BC-9E0B-9948D6DEEBA0}"
EndProject
Project("{8BC9CEB8-8B4A-11D0-8D11-00A0C91BC942}") = "assimp", "lib\assimp-3.1.1\assimp.vcxproj", "{15792434-64D2-43D6-9029-259721587DA2}"
EndProject
Project("{2150E333-8FDC-42A3-9474-1A3956D46DE8}") = "sbgui_dependencies", "sbgui_dependencies", "{2E9977E0-CEAD-4288-90BA-B4569CDE9ADB}"
EndProject
Project("{2150E333-8FDC-42A3-9474-1A3956D46DE8}") = "smartbody_dependencies", "smartbody_dependencies", "{4CF6AB09-45E2-4D6A-9DA4-AB2AC50AF902}"
EndProject
Global
	GlobalSection(SolutionConfigurationPlatforms) = preSolution
		Debug|Emscripten = Debug|Emscripten
		Debug|Win32 = Debug|Win32
		Release|Emscripten = Release|Emscripten
		Release|Win32 = Release|Win32
	EndGlobalSection
	GlobalSection(ProjectConfigurationPlatforms) = postSolution
		{08321F42-4B3D-4815-B592-95962BAC3B9F}.Debug|Emscripten.ActiveCfg = Debug|Any CPU
		{08321F42-4B3D-4815-B592-95962BAC3B9F}.Debug|Emscripten.Build.0 = Debug|Any CPU
		{08321F42-4B3D-4815-B592-95962BAC3B9F}.Debug|Win32.ActiveCfg = Debug|Any CPU
		{08321F42-4B3D-4815-B592-95962BAC3B9F}.Release|Emscripten.ActiveCfg = Release|Any CPU
		{08321F42-4B3D-4815-B592-95962BAC3B9F}.Release|Emscripten.Build.0 = Release|Any CPU
		{08321F42-4B3D-4815-B592-95962BAC3B9F}.Release|Win32.ActiveCfg = Release|Any CPU
		{08321F42-4B3D-4815-B592-95962BAC3B9F}.Release|Win32.Build.0 = Release|Any CPU
		{300C1716-0674-4D01-8F5D-151E59A504FE}.Debug|Emscripten.ActiveCfg = Debug|Any CPU
		{300C1716-0674-4D01-8F5D-151E59A504FE}.Debug|Emscripten.Build.0 = Debug|Any CPU
		{300C1716-0674-4D01-8F5D-151E59A504FE}.Debug|Win32.ActiveCfg = Debug|Any CPU
		{300C1716-0674-4D01-8F5D-151E59A504FE}.Release|Emscripten.ActiveCfg = Release|Any CPU
		{300C1716-0674-4D01-8F5D-151E59A504FE}.Release|Emscripten.Build.0 = Release|Any CPU
		{300C1716-0674-4D01-8F5D-151E59A504FE}.Release|Win32.ActiveCfg = Release|Any CPU
		{300C1716-0674-4D01-8F5D-151E59A504FE}.Release|Win32.Build.0 = Release|Any CPU
		{49840C67-5A25-4D7A-AF21-5976735F7D7D}.Debug|Emscripten.ActiveCfg = Debug|Win32
		{49840C67-5A25-4D7A-AF21-5976735F7D7D}.Debug|Win32.ActiveCfg = Debug|Win32
		{49840C67-5A25-4D7A-AF21-5976735F7D7D}.Debug|Win32.Build.0 = Debug|Win32
		{49840C67-5A25-4D7A-AF21-5976735F7D7D}.Release|Emscripten.ActiveCfg = Release|Win32
		{49840C67-5A25-4D7A-AF21-5976735F7D7D}.Release|Win32.ActiveCfg = Release|Win32
		{49840C67-5A25-4D7A-AF21-5976735F7D7D}.Release|Win32.Build.0 = Release|Win32
		{DE4240A9-DBBA-410F-888F-462384A5B280}.Debug|Emscripten.ActiveCfg = Debug|Any CPU
		{DE4240A9-DBBA-410F-888F-462384A5B280}.Debug|Emscripten.Build.0 = Debug|Any CPU
		{DE4240A9-DBBA-410F-888F-462384A5B280}.Debug|Win32.ActiveCfg = Debug|Any CPU
		{DE4240A9-DBBA-410F-888F-462384A5B280}.Release|Emscripten.ActiveCfg = Release|Any CPU
		{DE4240A9-DBBA-410F-888F-462384A5B280}.Release|Emscripten.Build.0 = Release|Any CPU
		{DE4240A9-DBBA-410F-888F-462384A5B280}.Release|Win32.ActiveCfg = Release|Any CPU
		{DE4240A9-DBBA-410F-888F-462384A5B280}.Release|Win32.Build.0 = Release|Any CPU
		{BFC6E348-DBEA-4118-94E6-BB7FCD8EC7F6}.Debug|Emscripten.ActiveCfg = Debug|Win32
		{BFC6E348-DBEA-4118-94E6-BB7FCD8EC7F6}.Debug|Win32.ActiveCfg = Debug|Win32
		{BFC6E348-DBEA-4118-94E6-BB7FCD8EC7F6}.Debug|Win32.Build.0 = Debug|Win32
		{BFC6E348-DBEA-4118-94E6-BB7FCD8EC7F6}.Release|Emscripten.ActiveCfg = Release|Win32
		{BFC6E348-DBEA-4118-94E6-BB7FCD8EC7F6}.Release|Win32.ActiveCfg = Release|Win32
		{BFC6E348-DBEA-4118-94E6-BB7FCD8EC7F6}.Release|Win32.Build.0 = Release|Win32
		{662CF3EB-B816-4727-9D1D-4071C25A3312}.Debug|Emscripten.ActiveCfg = Debug|Win32
		{662CF3EB-B816-4727-9D1D-4071C25A3312}.Debug|Win32.ActiveCfg = Debug|Win32
		{662CF3EB-B816-4727-9D1D-4071C25A3312}.Debug|Win32.Build.0 = Debug|Win32
		{662CF3EB-B816-4727-9D1D-4071C25A3312}.Release|Emscripten.ActiveCfg = Release|Win32
		{662CF3EB-B816-4727-9D1D-4071C25A3312}.Release|Win32.ActiveCfg = Release|Win32
		{662CF3EB-B816-4727-9D1D-4071C25A3312}.Release|Win32.Build.0 = Release|Win32
		{B19F5657-AA08-4D34-B3A3-58045074DBBB}.Debug|Emscripten.ActiveCfg = Debug|Emscripten
		{B19F5657-AA08-4D34-B3A3-58045074DBBB}.Debug|Emscripten.Build.0 = Debug|Emscripten
		{B19F5657-AA08-4D34-B3A3-58045074DBBB}.Debug|Win32.ActiveCfg = Debug|Win32
		{B19F5657-AA08-4D34-B3A3-58045074DBBB}.Debug|Win32.Build.0 = Debug|Win32
		{B19F5657-AA08-4D34-B3A3-58045074DBBB}.Release|Emscripten.ActiveCfg = Release|Emscripten
		{B19F5657-AA08-4D34-B3A3-58045074DBBB}.Release|Emscripten.Build.0 = Release|Emscripten
		{B19F5657-AA08-4D34-B3A3-58045074DBBB}.Release|Win32.ActiveCfg = Release|Win32
		{B19F5657-AA08-4D34-B3A3-58045074DBBB}.Release|Win32.Build.0 = Release|Win32
		{406544EA-6FBB-4ABD-A6E8-ECC9B80F4E20}.Debug|Emscripten.ActiveCfg = Debug|Any CPU
		{406544EA-6FBB-4ABD-A6E8-ECC9B80F4E20}.Debug|Emscripten.Build.0 = Debug|Any CPU
		{406544EA-6FBB-4ABD-A6E8-ECC9B80F4E20}.Debug|Win32.ActiveCfg = Release|Any CPU
		{406544EA-6FBB-4ABD-A6E8-ECC9B80F4E20}.Release|Emscripten.ActiveCfg = Release|Any CPU
		{406544EA-6FBB-4ABD-A6E8-ECC9B80F4E20}.Release|Emscripten.Build.0 = Release|Any CPU
		{406544EA-6FBB-4ABD-A6E8-ECC9B80F4E20}.Release|Win32.ActiveCfg = Release|Any CPU
		{406544EA-6FBB-4ABD-A6E8-ECC9B80F4E20}.Release|Win32.Build.0 = Release|Any CPU
		{A8E03E2E-B9AE-4574-81A2-F661819322E1}.Debug|Emscripten.ActiveCfg = Debug|Emscripten
		{A8E03E2E-B9AE-4574-81A2-F661819322E1}.Debug|Emscripten.Build.0 = Debug|Emscripten
		{A8E03E2E-B9AE-4574-81A2-F661819322E1}.Debug|Win32.ActiveCfg = Debug|Win32
		{A8E03E2E-B9AE-4574-81A2-F661819322E1}.Debug|Win32.Build.0 = Debug|Win32
		{A8E03E2E-B9AE-4574-81A2-F661819322E1}.Release|Emscripten.ActiveCfg = Release|Emscripten
		{A8E03E2E-B9AE-4574-81A2-F661819322E1}.Release|Emscripten.Build.0 = Release|Emscripten
		{A8E03E2E-B9AE-4574-81A2-F661819322E1}.Release|Win32.ActiveCfg = Release|Win32
		{A8E03E2E-B9AE-4574-81A2-F661819322E1}.Release|Win32.Build.0 = Release|Win32
		{4559341E-D53D-45E5-A67C-43D7C5956636}.Debug|Emscripten.ActiveCfg = Debug|Emscripten
		{4559341E-D53D-45E5-A67C-43D7C5956636}.Debug|Emscripten.Build.0 = Debug|Emscripten
		{4559341E-D53D-45E5-A67C-43D7C5956636}.Debug|Win32.ActiveCfg = Debug|Win32
		{4559341E-D53D-45E5-A67C-43D7C5956636}.Debug|Win32.Build.0 = Debug|Win32
		{4559341E-D53D-45E5-A67C-43D7C5956636}.Release|Emscripten.ActiveCfg = Release|Emscripten
		{4559341E-D53D-45E5-A67C-43D7C5956636}.Release|Emscripten.Build.0 = Release|Emscripten
		{4559341E-D53D-45E5-A67C-43D7C5956636}.Release|Win32.ActiveCfg = Release|Win32
		{4559341E-D53D-45E5-A67C-43D7C5956636}.Release|Win32.Build.0 = Release|Win32
		{451F912C-9774-4473-9E9B-363560B2695E}.Debug|Emscripten.ActiveCfg = Debug|Emscripten
		{451F912C-9774-4473-9E9B-363560B2695E}.Debug|Emscripten.Build.0 = Debug|Emscripten
		{451F912C-9774-4473-9E9B-363560B2695E}.Debug|Win32.ActiveCfg = Release|Win32
		{451F912C-9774-4473-9E9B-363560B2695E}.Debug|Win32.Build.0 = Release|Win32
		{451F912C-9774-4473-9E9B-363560B2695E}.Release|Emscripten.ActiveCfg = Release|Emscripten
		{451F912C-9774-4473-9E9B-363560B2695E}.Release|Emscripten.Build.0 = Release|Emscripten
		{451F912C-9774-4473-9E9B-363560B2695E}.Release|Win32.ActiveCfg = Release|Win32
		{451F912C-9774-4473-9E9B-363560B2695E}.Release|Win32.Build.0 = Release|Win32
		{20C3D8FC-B1E9-49B4-9BBB-485AA95F56D2}.Debug|Emscripten.ActiveCfg = Debug|Any CPU
		{20C3D8FC-B1E9-49B4-9BBB-485AA95F56D2}.Debug|Emscripten.Build.0 = Debug|Any CPU
		{20C3D8FC-B1E9-49B4-9BBB-485AA95F56D2}.Debug|Win32.ActiveCfg = Release|Any CPU
		{20C3D8FC-B1E9-49B4-9BBB-485AA95F56D2}.Release|Emscripten.ActiveCfg = Release|Any CPU
		{20C3D8FC-B1E9-49B4-9BBB-485AA95F56D2}.Release|Emscripten.Build.0 = Release|Any CPU
		{20C3D8FC-B1E9-49B4-9BBB-485AA95F56D2}.Release|Win32.ActiveCfg = Release|Any CPU
		{20C3D8FC-B1E9-49B4-9BBB-485AA95F56D2}.Release|Win32.Build.0 = Release|Any CPU
		{8337A68C-24FE-4572-B6BE-FB3696F8F87E}.Debug|Emscripten.ActiveCfg = Debug|Any CPU
		{8337A68C-24FE-4572-B6BE-FB3696F8F87E}.Debug|Emscripten.Build.0 = Debug|Any CPU
		{8337A68C-24FE-4572-B6BE-FB3696F8F87E}.Debug|Win32.ActiveCfg = Release|x86
		{8337A68C-24FE-4572-B6BE-FB3696F8F87E}.Release|Emscripten.ActiveCfg = Release|Any CPU
		{8337A68C-24FE-4572-B6BE-FB3696F8F87E}.Release|Emscripten.Build.0 = Release|Any CPU
		{8337A68C-24FE-4572-B6BE-FB3696F8F87E}.Release|Win32.ActiveCfg = Release|x86
		{8337A68C-24FE-4572-B6BE-FB3696F8F87E}.Release|Win32.Build.0 = Release|x86
		{2E2A44E1-D441-4A88-9125-E6DA9BCA5352}.Debug|Emscripten.ActiveCfg = Debug|Win32
		{2E2A44E1-D441-4A88-9125-E6DA9BCA5352}.Debug|Win32.ActiveCfg = Release|Win32
		{2E2A44E1-D441-4A88-9125-E6DA9BCA5352}.Debug|Win32.Build.0 = Release|Win32
		{2E2A44E1-D441-4A88-9125-E6DA9BCA5352}.Release|Emscripten.ActiveCfg = Release|Win32
		{2E2A44E1-D441-4A88-9125-E6DA9BCA5352}.Release|Win32.ActiveCfg = Release|Win32
		{2E2A44E1-D441-4A88-9125-E6DA9BCA5352}.Release|Win32.Build.0 = Release|Win32
		{8C3800DB-85D8-490A-9E4B-14235F2A2711}.Debug|Emscripten.ActiveCfg = Debug|Win32
		{8C3800DB-85D8-490A-9E4B-14235F2A2711}.Debug|Win32.ActiveCfg = Debug|Win32
		{8C3800DB-85D8-490A-9E4B-14235F2A2711}.Debug|Win32.Build.0 = Debug|Win32
		{8C3800DB-85D8-490A-9E4B-14235F2A2711}.Release|Emscripten.ActiveCfg = Release|Win32
		{8C3800DB-85D8-490A-9E4B-14235F2A2711}.Release|Win32.ActiveCfg = Release|Win32
		{8C3800DB-85D8-490A-9E4B-14235F2A2711}.Release|Win32.Build.0 = Release|Win32
		{8BBCFC4A-6B52-461E-8BBA-A86DE3FAD6F6}.Debug|Emscripten.ActiveCfg = Debug|Emscripten
		{8BBCFC4A-6B52-461E-8BBA-A86DE3FAD6F6}.Debug|Emscripten.Build.0 = Debug|Emscripten
		{8BBCFC4A-6B52-461E-8BBA-A86DE3FAD6F6}.Debug|Win32.ActiveCfg = Debug|Win32
		{8BBCFC4A-6B52-461E-8BBA-A86DE3FAD6F6}.Debug|Win32.Build.0 = Debug|Win32
		{8BBCFC4A-6B52-461E-8BBA-A86DE3FAD6F6}.Release|Emscripten.ActiveCfg = Release|Emscripten
		{8BBCFC4A-6B52-461E-8BBA-A86DE3FAD6F6}.Release|Emscripten.Build.0 = Release|Emscripten
		{8BBCFC4A-6B52-461E-8BBA-A86DE3FAD6F6}.Release|Win32.ActiveCfg = Release|Win32
		{8BBCFC4A-6B52-461E-8BBA-A86DE3FAD6F6}.Release|Win32.Build.0 = Release|Win32
		{2C18CD04-407B-420A-8CDC-1C6325F87072}.Debug|Emscripten.ActiveCfg = Debug|Emscripten
		{2C18CD04-407B-420A-8CDC-1C6325F87072}.Debug|Emscripten.Build.0 = Debug|Emscripten
		{2C18CD04-407B-420A-8CDC-1C6325F87072}.Debug|Win32.ActiveCfg = Debug|Win32
		{2C18CD04-407B-420A-8CDC-1C6325F87072}.Debug|Win32.Build.0 = Debug|Win32
		{2C18CD04-407B-420A-8CDC-1C6325F87072}.Release|Emscripten.ActiveCfg = Release|Emscripten
		{2C18CD04-407B-420A-8CDC-1C6325F87072}.Release|Emscripten.Build.0 = Release|Emscripten
		{2C18CD04-407B-420A-8CDC-1C6325F87072}.Release|Win32.ActiveCfg = Release|Win32
		{2C18CD04-407B-420A-8CDC-1C6325F87072}.Release|Win32.Build.0 = Release|Win32
		{835E35C4-9AB1-4CB3-A8A9-A0B89171280D}.Debug|Emscripten.ActiveCfg = Debug|Win32
		{835E35C4-9AB1-4CB3-A8A9-A0B89171280D}.Debug|Win32.ActiveCfg = Debug|Win32
		{835E35C4-9AB1-4CB3-A8A9-A0B89171280D}.Debug|Win32.Build.0 = Debug|Win32
		{835E35C4-9AB1-4CB3-A8A9-A0B89171280D}.Release|Emscripten.ActiveCfg = Release|Win32
		{835E35C4-9AB1-4CB3-A8A9-A0B89171280D}.Release|Win32.ActiveCfg = Release|Win32
		{835E35C4-9AB1-4CB3-A8A9-A0B89171280D}.Release|Win32.Build.0 = Release|Win32
		{E1BABF1B-764A-46BC-9E0B-9948D6DEEBA0}.Debug|Emscripten.ActiveCfg = Debug|Win32
		{E1BABF1B-764A-46BC-9E0B-9948D6DEEBA0}.Debug|Win32.ActiveCfg = Debug|Win32
		{E1BABF1B-764A-46BC-9E0B-9948D6DEEBA0}.Debug|Win32.Build.0 = Debug|Win32
		{E1BABF1B-764A-46BC-9E0B-9948D6DEEBA0}.Release|Emscripten.ActiveCfg = Release|Win32
		{E1BABF1B-764A-46BC-9E0B-9948D6DEEBA0}.Release|Win32.ActiveCfg = Release|Win32
		{E1BABF1B-764A-46BC-9E0B-9948D6DEEBA0}.Release|Win32.Build.0 = Release|Win32
		{15792434-64D2-43D6-9029-259721587DA2}.Debug|Emscripten.ActiveCfg = Debug|Win32
		{15792434-64D2-43D6-9029-259721587DA2}.Debug|Win32.ActiveCfg = Debug|Win32
		{15792434-64D2-43D6-9029-259721587DA2}.Debug|Win32.Build.0 = Debug|Win32
		{15792434-64D2-43D6-9029-259721587DA2}.Release|Emscripten.ActiveCfg = Release|Win32
		{15792434-64D2-43D6-9029-259721587DA2}.Release|Win32.ActiveCfg = Release|Win32
		{15792434-64D2-43D6-9029-259721587DA2}.Release|Win32.Build.0 = Release|Win32
	EndGlobalSection
	GlobalSection(SolutionProperties) = preSolution
		HideSolutionNode = FALSE
	EndGlobalSection
	GlobalSection(NestedProjects) = preSolution
		{08321F42-4B3D-4815-B592-95962BAC3B9F} = {8BAFDAFC-F40D-43E8-9765-C8FBEC2F42AD}
		{300C1716-0674-4D01-8F5D-151E59A504FE} = {8BAFDAFC-F40D-43E8-9765-C8FBEC2F42AD}
		{49840C67-5A25-4D7A-AF21-5976735F7D7D} = {4CF6AB09-45E2-4D6A-9DA4-AB2AC50AF902}
		{DE4240A9-DBBA-410F-888F-462384A5B280} = {8BAFDAFC-F40D-43E8-9765-C8FBEC2F42AD}
		{BFC6E348-DBEA-4118-94E6-BB7FCD8EC7F6} = {4CF6AB09-45E2-4D6A-9DA4-AB2AC50AF902}
		{662CF3EB-B816-4727-9D1D-4071C25A3312} = {4CF6AB09-45E2-4D6A-9DA4-AB2AC50AF902}
		{406544EA-6FBB-4ABD-A6E8-ECC9B80F4E20} = {8BAFDAFC-F40D-43E8-9765-C8FBEC2F42AD}
		{A8E03E2E-B9AE-4574-81A2-F661819322E1} = {4CF6AB09-45E2-4D6A-9DA4-AB2AC50AF902}
		{4559341E-D53D-45E5-A67C-43D7C5956636} = {4CF6AB09-45E2-4D6A-9DA4-AB2AC50AF902}
		{451F912C-9774-4473-9E9B-363560B2695E} = {8BAFDAFC-F40D-43E8-9765-C8FBEC2F42AD}
		{20C3D8FC-B1E9-49B4-9BBB-485AA95F56D2} = {8BAFDAFC-F40D-43E8-9765-C8FBEC2F42AD}
		{8337A68C-24FE-4572-B6BE-FB3696F8F87E} = {8BAFDAFC-F40D-43E8-9765-C8FBEC2F42AD}
		{2E2A44E1-D441-4A88-9125-E6DA9BCA5352} = {8BAFDAFC-F40D-43E8-9765-C8FBEC2F42AD}
		{835E35C4-9AB1-4CB3-A8A9-A0B89171280D} = {2E9977E0-CEAD-4288-90BA-B4569CDE9ADB}
		{E1BABF1B-764A-46BC-9E0B-9948D6DEEBA0} = {2E9977E0-CEAD-4288-90BA-B4569CDE9ADB}
		{15792434-64D2-43D6-9029-259721587DA2} = {4CF6AB09-45E2-4D6A-9DA4-AB2AC50AF902}
	EndGlobalSection
	GlobalSection(DPCodeReviewSolutionGUID) = preSolution
		DPCodeReviewSolutionGUID = {00000000-0000-0000-0000-000000000000}
	EndGlobalSection
EndGlobal
