// !$*UTF8*$!
{
	archiveVersion = 1;
	classes = {
	};
	objectVersion = 46;
	objects = {

/* Begin PBXBuildFile section */
		AAC9ACA2142012EC00F56F9C /* Foundation.framework in Frameworks */ = {isa = PBXBuildFile; fileRef = AAC9ACA1142012EC00F56F9C /* Foundation.framework */; };
		AADDAE9A154E224500A86087 /* vhwrapper.h in Headers */ = {isa = PBXBuildFile; fileRef = AADDAE98154E224500A86087 /* vhwrapper.h */; };
		AADDAE9B154E224500A86087 /* vhwrapper.cpp in Sources */ = {isa = PBXBuildFile; fileRef = AADDAE99154E224500A86087 /* vhwrapper.cpp */; };
/* End PBXBuildFile section */

/* Begin PBXFileReference section */
		AAC9AC9E142012EC00F56F9C /* libvhwrapper.a */ = {isa = PBXFileReference; explicitFileType = archive.ar; includeInIndex = 0; path = "libvhwrapper.a"; sourceTree = BUILT_PRODUCTS_DIR; };
		AAC9ACA1142012EC00F56F9C /* Foundation.framework */ = {isa = PBXFileReference; lastKnownFileType = wrapper.framework; name = Foundation.framework; path = System/Library/Frameworks/Foundation.framework; sourceTree = SDKROOT; };
		AAC9ACA5142012EC00F56F9C /* vhwrapper-Prefix.pch */ = {isa = PBXFileReference; lastKnownFileType = sourcecode.c.h; path = "vhwrapper-Prefix.pch"; sourceTree = "<group>"; };
		AADDAE98154E224500A86087 /* vhwrapper.h */ = {isa = PBXFileReference; fileEncoding = 4; lastKnownFileType = sourcecode.c.h; path = vhwrapper.h; sourceTree = SOURCE_ROOT; };
		AADDAE99154E224500A86087 /* vhwrapper.cpp */ = {isa = PBXFileReference; fileEncoding = 4; lastKnownFileType = sourcecode.cpp.cpp; path = vhwrapper.cpp; sourceTree = SOURCE_ROOT; };
/* End PBXFileReference section */

/* Begin PBXFrameworksBuildPhase section */
		AAC9AC9B142012EC00F56F9C /* Frameworks */ = {
			isa = PBXFrameworksBuildPhase;
			buildActionMask = 2147483647;
			files = (
				AAC9ACA2142012EC00F56F9C /* Foundation.framework in Frameworks */,
			);
			runOnlyForDeploymentPostprocessing = 0;
		};
/* End PBXFrameworksBuildPhase section */

/* Begin PBXGroup section */
		AAC9AC93142012EC00F56F9C = {
			isa = PBXGroup;
			children = (
				AAC9ACA3142012EC00F56F9C /* vhwrapper */,
				AAC9ACA0142012EC00F56F9C /* Frameworks */,
				AAC9AC9F142012EC00F56F9C /* Products */,
			);
			sourceTree = "<group>";
		};
		AAC9AC9F142012EC00F56F9C /* Products */ = {
			isa = PBXGroup;
			children = (
				AAC9AC9E142012EC00F56F9C /* libvhwrapper.a */,
			);
			name = Products;
			sourceTree = "<group>";
		};
		AAC9ACA0142012EC00F56F9C /* Frameworks */ = {
			isa = PBXGroup;
			children = (
				AAC9ACA1142012EC00F56F9C /* Foundation.framework */,
			);
			name = Frameworks;
			sourceTree = "<group>";
		};
		AAC9ACA3142012EC00F56F9C /* vhwrapper */ = {
			isa = PBXGroup;
			children = (
				AADDAE98154E224500A86087 /* vhwrapper.h */,
				AADDAE99154E224500A86087 /* vhwrapper.cpp */,
				AAC9ACA4142012EC00F56F9C /* Supporting Files */,
			);
			path = "vhwrapper";
			sourceTree = "<group>";
		};
		AAC9ACA4142012EC00F56F9C /* Supporting Files */ = {
			isa = PBXGroup;
			children = (
				AAC9ACA5142012EC00F56F9C /* vhwrapper-Prefix.pch */,
			);
			name = "Supporting Files";
			sourceTree = "<group>";
		};
/* End PBXGroup section */

/* Begin PBXHeadersBuildPhase section */
		AAC9AC9C142012EC00F56F9C /* Headers */ = {
			isa = PBXHeadersBuildPhase;
			buildActionMask = 2147483647;
			files = (
				AADDAE9A154E224500A86087 /* vhwrapper.h in Headers */,
			);
			runOnlyForDeploymentPostprocessing = 0;
		};
/* End PBXHeadersBuildPhase section */

/* Begin PBXNativeTarget section */
		AAC9AC9D142012EC00F56F9C /* vhwrapper */ = {
			isa = PBXNativeTarget;
			buildConfigurationList = AAC9ACA8142012EC00F56F9C /* Build configuration list for PBXNativeTarget "vhwrapper" */;
			buildPhases = (
				AAC9AC9A142012EC00F56F9C /* Sources */,
				AAC9AC9B142012EC00F56F9C /* Frameworks */,
				AAC9AC9C142012EC00F56F9C /* Headers */,
				AA17916F142177B500DCA9FE /* Run Script */,
			);
			buildRules = (
			);
			dependencies = (
			);
			name = "vhwrapper";
			productName = "vhwrapper";
			productReference = AAC9AC9E142012EC00F56F9C /* libvhwrapper.a */;
			productType = "com.apple.product-type.library.static";
		};
/* End PBXNativeTarget section */

/* Begin PBXProject section */
		AAC9AC95142012EC00F56F9C /* Project object */ = {
			isa = PBXProject;
			buildConfigurationList = AAC9AC98142012EC00F56F9C /* Build configuration list for PBXProject "vhwrapper" */;
			compatibilityVersion = "Xcode 3.2";
			developmentRegion = English;
			hasScannedForEncodings = 0;
			knownRegions = (
				en,
			);
			mainGroup = AAC9AC93142012EC00F56F9C;
			productRefGroup = AAC9AC9F142012EC00F56F9C /* Products */;
			projectDirPath = "";
			projectRoot = "";
			targets = (
				AAC9AC9D142012EC00F56F9C /* vhwrapper */,
			);
		};
/* End PBXProject section */

/* Begin PBXShellScriptBuildPhase section */
		AA17916F142177B500DCA9FE /* Run Script */ = {
			isa = PBXShellScriptBuildPhase;
			buildActionMask = 2147483647;
			files = (
			);
			inputPaths = (
			);
			name = "Run Script";
			outputPaths = (
			);
			runOnlyForDeploymentPostprocessing = 0;
			shellPath = /bin/sh;
			shellScript = "cp $BUILD_DIR/$CONFIGURATION$EFFECTIVE_PLATFORM_NAME/*.a $PROJECT_DIR/../libs/$PLATFORM_NAME";
		};
/* End PBXShellScriptBuildPhase section */

/* Begin PBXSourcesBuildPhase section */
		AAC9AC9A142012EC00F56F9C /* Sources */ = {
			isa = PBXSourcesBuildPhase;
			buildActionMask = 2147483647;
			files = (
				AADDAE9B154E224500A86087 /* vhwrapper.cpp in Sources */,
			);
			runOnlyForDeploymentPostprocessing = 0;
		};
/* End PBXSourcesBuildPhase section */

/* Begin XCBuildConfiguration section */
		AAC9ACA6142012EC00F56F9C /* Debug */ = {
			isa = XCBuildConfiguration;
			buildSettings = {
				ARCHS = "$(ARCHS_STANDARD_32_BIT)";
				GCC_C_LANGUAGE_STANDARD = gnu99;
				GCC_OPTIMIZATION_LEVEL = 0;
				GCC_PREPROCESSOR_DEFINITIONS = DEBUG;
				GCC_SYMBOLS_PRIVATE_EXTERN = NO;
				GCC_VERSION = com.apple.compilers.llvmgcc42;
				GCC_WARN_ABOUT_RETURN_TYPE = YES;
				GCC_WARN_UNUSED_VARIABLE = YES;
				IPHONEOS_DEPLOYMENT_TARGET = 4.3;
				SDKROOT = iphoneos;
			};
			name = Debug;
		};
		AAC9ACA7142012EC00F56F9C /* Release */ = {
			isa = XCBuildConfiguration;
			buildSettings = {
				ARCHS = "$(ARCHS_STANDARD_32_BIT)";
				GCC_C_LANGUAGE_STANDARD = gnu99;
				GCC_VERSION = com.apple.compilers.llvmgcc42;
				GCC_WARN_ABOUT_RETURN_TYPE = YES;
				GCC_WARN_UNUSED_VARIABLE = YES;
				IPHONEOS_DEPLOYMENT_TARGET = 4.3;
				SDKROOT = iphoneos;
			};
			name = Release;
		};
		AAC9ACA9142012EC00F56F9C /* Debug */ = {
			isa = XCBuildConfiguration;
			buildSettings = {
				ALWAYS_SEARCH_USER_PATHS = NO;
				DSTROOT = /tmp/vhwrapper.dst;
				GCC_PRECOMPILE_PREFIX_HEADER = YES;
				GCC_PREFIX_HEADER = "vhwrapper/vhwrapper-Prefix.pch";
				GCC_VERSION = com.apple.compilers.llvmgcc42;
				HEADER_SEARCH_PATHS = "";
				"HEADER_SEARCH_PATHS[sdk=iphoneos*][arch=*]" = (
					../boost/boost_1_51_0,
					"../boost/boost-numeric-bindings",
					"../xerces-c/iphoneos/include",
					../ode/iphoneos/include,
					"../activemq/activemq-cpp/iphoneos/include/activemq-cpp-3.4.0",
					../../core/smartbody/SmartBody/src,
					"../../core/smartbody/steersuite-1.3/pprAI/include",
					"../../core/smartbody/steersuite-1.3/steerlib/include",
					"../../core/smartbody/steersuite-1.3/external",
					"../../core/smartbody/smartbody-dll/include",
					../../lib/vhcl/include,
					"../../lib/vhmsg/vhmsg-c/include",
					../../lib/wsp/wsp/include,
					../../lib/bonebus/include,
				);
				"HEADER_SEARCH_PATHS[sdk=iphonesimulator*][arch=*]" = (
					../boost/boost_1_51_0,
					"../boost/boost-numeric-bindings",
					"../xerces-c/iphonesimulator/include",
					../ode/iphonesimulator/include,
					"../activemq/activemq-cpp/iphonesimulator/include/activemq-cpp-3.4.0",
					../../core/smartbody/SmartBody/src/sb,
					../../core/smartbody/SmartBody/src,
					"../../core/smartbody/steersuite-1.3/pprAI/include",
					"../../core/smartbody/steersuite-1.3/steerlib/include",
					"../../core/smartbody/steersuite-1.3/external",
					../../lib/vhcl/include,
					"../../lib/vhmsg/vhmsg-c/include",
					../../lib/wsp/wsp/include,
					../../lib/bonebus/include,
				);
				IPHONEOS_DEPLOYMENT_TARGET = 4.1;
				ONLY_ACTIVE_ARCH = YES;
				OTHER_LDFLAGS = "-ObjC";
				PRODUCT_NAME = "$(TARGET_NAME)";
				SYMROOT = $PROJECT_DIR/build;
				TARGETED_DEVICE_FAMILY = "1,2";
			};
			name = Debug;
		};
		AAC9ACAA142012EC00F56F9C /* Release */ = {
			isa = XCBuildConfiguration;
			buildSettings = {
				ALWAYS_SEARCH_USER_PATHS = NO;
				DSTROOT = /tmp/vhwrapper.dst;
				GCC_PRECOMPILE_PREFIX_HEADER = YES;
				GCC_PREFIX_HEADER = "vhwrapper/vhwrapper-Prefix.pch";
				GCC_VERSION = com.apple.compilers.llvmgcc42;
				HEADER_SEARCH_PATHS = "";
				"HEADER_SEARCH_PATHS[sdk=iphoneos*][arch=*]" = (
					../boost/boost_1_51_0,
					"../boost/boost-numeric-bindings",
					"../xerces-c/iphoneos/include",
					../ode/iphoneos/include,
					"../activemq/activemq-cpp/iphoneos/include/activemq-cpp-3.4.0",
					../../core/smartbody/SmartBody/src/sb,
					../../core/smartbody/SmartBody/src,
					"../../core/smartbody/steersuite-1.3/pprAI/include",
					"../../core/smartbody/steersuite-1.3/steerlib/include",
					"../../core/smartbody/steersuite-1.3/external",
					../../lib/vhcl/include,
					"../../lib/vhmsg/vhmsg-c/include",
					../../lib/wsp/wsp/include,
					../../lib/bonebus/include,
				);
				"HEADER_SEARCH_PATHS[sdk=iphonesimulator*][arch=*]" = (
					../boost/boost_1_51_0,
					"../boost/boost-numeric-bindings",
					"../xerces-c/iphonesimulator/include",
					../ode/iphonesimulator/include,
					"../activemq/activemq-cpp/iphonesimulator/include/activemq-cpp-3.4.0",
					../../core/smartbody/SmartBody/src/sb,
					../../core/smartbody/SmartBody/src,
					"../../core/smartbody/steersuite-1.3/pprAI/include",
					"../../core/smartbody/steersuite-1.3/steerlib/include",
					"../../core/smartbody/steersuite-1.3/external",
					../../lib/vhcl/include,
					"../../lib/vhmsg/vhmsg-c/include",
					../../lib/wsp/wsp/include,
					../../lib/bonebus/include,
				);
				IPHONEOS_DEPLOYMENT_TARGET = 4.1;
				ONLY_ACTIVE_ARCH = YES;
				OTHER_LDFLAGS = "-ObjC";
				PRODUCT_NAME = "$(TARGET_NAME)";
				SYMROOT = $PROJECT_DIR/build;
				TARGETED_DEVICE_FAMILY = "1,2";
			};
			name = Release;
		};
/* End XCBuildConfiguration section */

/* Begin XCConfigurationList section */
		AAC9AC98142012EC00F56F9C /* Build configuration list for PBXProject "vhwrapper" */ = {
			isa = XCConfigurationList;
			buildConfigurations = (
				AAC9ACA6142012EC00F56F9C /* Debug */,
				AAC9ACA7142012EC00F56F9C /* Release */,
			);
			defaultConfigurationIsVisible = 0;
			defaultConfigurationName = Release;
		};
		AAC9ACA8142012EC00F56F9C /* Build configuration list for PBXNativeTarget "vhwrapper" */ = {
			isa = XCConfigurationList;
			buildConfigurations = (
				AAC9ACA9142012EC00F56F9C /* Debug */,
				AAC9ACAA142012EC00F56F9C /* Release */,
			);
			defaultConfigurationIsVisible = 0;
			defaultConfigurationName = Release;
		};
/* End XCConfigurationList section */
	};
	rootObject = AAC9AC95142012EC00F56F9C /* Project object */;
}
