
Microsoft Visual Studio Solution File, Format Version 10.00
# Visual Studio 2008
Project("{FAE04EC0-301F-11D3-BF4B-00C04F79EFBC}") = "MsSpeechRelay", "MsSpeechRelay\MsSpeechRelay.csproj", "{406544EA-6FBB-4ABD-A6E8-ECC9B80F4E20}"
EndProject
Project("{2150E333-8FDC-42A3-9474-1A3956D46DE8}") = "Solution Items", "Solution Items", "{A4D4C0B1-6A90-4FDB-95E0-2353D44340BC}"
	ProjectSection(SolutionItems) = preProject
		MsSpeechRelay.vsmdi = MsSpeechRelay.vsmdi
	EndProjectSection
EndProject
Global
	GlobalSection(TestCaseManagementSettings) = postSolution
		CategoryFile = MsSpeechRelay.vsmdi
	EndGlobalSection
	GlobalSection(SolutionConfigurationPlatforms) = preSolution
		Debug|Any CPU = Debug|Any CPU
		Release|Any CPU = Release|Any CPU
	EndGlobalSection
	GlobalSection(ProjectConfigurationPlatforms) = postSolution
		{406544EA-6FBB-4ABD-A6E8-ECC9B80F4E20}.Debug|Any CPU.ActiveCfg = Debug|Any CPU
		{406544EA-6FBB-4ABD-A6E8-ECC9B80F4E20}.Debug|Any CPU.Build.0 = Debug|Any CPU
		{406544EA-6FBB-4ABD-A6E8-ECC9B80F4E20}.Release|Any CPU.ActiveCfg = Release|Any CPU
		{406544EA-6FBB-4ABD-A6E8-ECC9B80F4E20}.Release|Any CPU.Build.0 = Release|Any CPU
	EndGlobalSection
	GlobalSection(SolutionProperties) = preSolution
		HideSolutionNode = FALSE
	EndGlobalSection
EndGlobal
