// !$*UTF8*$!
{
	archiveVersion = 1;
	classes = {
	};
	objectVersion = 46;
	objects = {

/* Begin PBXBuildFile section */
		AA563C4414D39CC000D4A91D /* Foundation.framework in Frameworks */ = {isa = PBXBuildFile; fileRef = AA9CD1ED141FCD7A0064C27A /* Foundation.framework */; };
		AA563EDE14D39E6A00D4A91D /* arg_to_python_base.cpp in Sources */ = {isa = PBXBuildFile; fileRef = AA563D7214D39E3E00D4A91D /* arg_to_python_base.cpp */; };
		AA563EDF14D39E6A00D4A91D /* builtin_converters.cpp in Sources */ = {isa = PBXBuildFile; fileRef = AA563D7314D39E3E00D4A91D /* builtin_converters.cpp */; };
		AA563EE014D39E6A00D4A91D /* from_python.cpp in Sources */ = {isa = PBXBuildFile; fileRef = AA563D7414D39E3E00D4A91D /* from_python.cpp */; };
		AA563EE114D39E6A00D4A91D /* registry.cpp in Sources */ = {isa = PBXBuildFile; fileRef = AA563D7514D39E3E00D4A91D /* registry.cpp */; };
		AA563EE214D39E6A00D4A91D /* type_id.cpp in Sources */ = {isa = PBXBuildFile; fileRef = AA563D7614D39E3E00D4A91D /* type_id.cpp */; };
		AA563EE314D39E6A00D4A91D /* dict.cpp in Sources */ = {isa = PBXBuildFile; fileRef = AA563D7714D39E3E00D4A91D /* dict.cpp */; };
		AA563EE414D39E6A00D4A91D /* errors.cpp in Sources */ = {isa = PBXBuildFile; fileRef = AA563D7814D39E3E00D4A91D /* errors.cpp */; };
		AA563EE514D39E6A00D4A91D /* exec.cpp in Sources */ = {isa = PBXBuildFile; fileRef = AA563D7914D39E3E00D4A91D /* exec.cpp */; };
		AA563EE614D39E6A00D4A91D /* import.cpp in Sources */ = {isa = PBXBuildFile; fileRef = AA563D7A14D39E3E00D4A91D /* import.cpp */; };
		AA563EE714D39E6A00D4A91D /* list.cpp in Sources */ = {isa = PBXBuildFile; fileRef = AA563D7B14D39E3E00D4A91D /* list.cpp */; };
		AA563EE814D39E6A00D4A91D /* long.cpp in Sources */ = {isa = PBXBuildFile; fileRef = AA563D7C14D39E3E00D4A91D /* long.cpp */; };
		AA563EE914D39E6A00D4A91D /* module.cpp in Sources */ = {isa = PBXBuildFile; fileRef = AA563D7D14D39E3E00D4A91D /* module.cpp */; };
		AA563EEA14D39E6A00D4A91D /* numeric.cpp in Sources */ = {isa = PBXBuildFile; fileRef = AA563D7E14D39E3E00D4A91D /* numeric.cpp */; };
		AA563EEB14D39E6A00D4A91D /* class.cpp in Sources */ = {isa = PBXBuildFile; fileRef = AA563D8014D39E3E00D4A91D /* class.cpp */; };
		AA563EEC14D39E6A00D4A91D /* enum.cpp in Sources */ = {isa = PBXBuildFile; fileRef = AA563D8114D39E3E00D4A91D /* enum.cpp */; };
		AA563EED14D39E6A00D4A91D /* function.cpp in Sources */ = {isa = PBXBuildFile; fileRef = AA563D8214D39E3E00D4A91D /* function.cpp */; };
		AA563EEE14D39E6A00D4A91D /* function_doc_signature.cpp in Sources */ = {isa = PBXBuildFile; fileRef = AA563D8314D39E3E00D4A91D /* function_doc_signature.cpp */; };
		AA563EEF14D39E6A00D4A91D /* inheritance.cpp in Sources */ = {isa = PBXBuildFile; fileRef = AA563D8414D39E3E00D4A91D /* inheritance.cpp */; };
		AA563EF014D39E6A00D4A91D /* iterator.cpp in Sources */ = {isa = PBXBuildFile; fileRef = AA563D8514D39E3E00D4A91D /* iterator.cpp */; };
		AA563EF114D39E6A00D4A91D /* life_support.cpp in Sources */ = {isa = PBXBuildFile; fileRef = AA563D8614D39E3E00D4A91D /* life_support.cpp */; };
		AA563EF214D39E6A00D4A91D /* pickle_support.cpp in Sources */ = {isa = PBXBuildFile; fileRef = AA563D8714D39E3E00D4A91D /* pickle_support.cpp */; };
		AA563EF314D39E6A00D4A91D /* stl_iterator.cpp in Sources */ = {isa = PBXBuildFile; fileRef = AA563D8814D39E3E00D4A91D /* stl_iterator.cpp */; };
		AA563EF414D39E6A00D4A91D /* object_operators.cpp in Sources */ = {isa = PBXBuildFile; fileRef = AA563D8914D39E3E00D4A91D /* object_operators.cpp */; };
		AA563EF514D39E6A00D4A91D /* object_protocol.cpp in Sources */ = {isa = PBXBuildFile; fileRef = AA563D8A14D39E3E00D4A91D /* object_protocol.cpp */; };
		AA563EF614D39E6A00D4A91D /* slice.cpp in Sources */ = {isa = PBXBuildFile; fileRef = AA563D8B14D39E3E00D4A91D /* slice.cpp */; };
		AA563EF714D39E6A00D4A91D /* str.cpp in Sources */ = {isa = PBXBuildFile; fileRef = AA563D8C14D39E3E00D4A91D /* str.cpp */; };
		AA563EF814D39E6A00D4A91D /* tuple.cpp in Sources */ = {isa = PBXBuildFile; fileRef = AA563D8D14D39E3E00D4A91D /* tuple.cpp */; };
		AA563EF914D39E6A00D4A91D /* wrapper.cpp in Sources */ = {isa = PBXBuildFile; fileRef = AA563D8E14D39E3E00D4A91D /* wrapper.cpp */; };
		AA638D3A14E5E9EA0043B930 /* error_code.cpp in Sources */ = {isa = PBXBuildFile; fileRef = AA9CD2B2141FCF570064C27A /* error_code.cpp */; };
		AA9CD58F141FCFCD0064C27A /* Foundation.framework in Frameworks */ = {isa = PBXBuildFile; fileRef = AA9CD1ED141FCD7A0064C27A /* Foundation.framework */; };
		AA9CD598141FCFD70064C27A /* Foundation.framework in Frameworks */ = {isa = PBXBuildFile; fileRef = AA9CD1ED141FCD7A0064C27A /* Foundation.framework */; };
		AA9CD5A1141FCFE00064C27A /* Foundation.framework in Frameworks */ = {isa = PBXBuildFile; fileRef = AA9CD1ED141FCD7A0064C27A /* Foundation.framework */; };
		AA9CD5A8141FD0290064C27A /* local_free_on_destruction.hpp in Headers */ = {isa = PBXBuildFile; fileRef = AA9CD2B3141FCF570064C27A /* local_free_on_destruction.hpp */; };
		AA9CD5A9141FD03B0064C27A /* v2_operations.cpp in Sources */ = {isa = PBXBuildFile; fileRef = AA9CD41A141FCF570064C27A /* v2_operations.cpp */; };
		AA9CD5AA141FD03B0064C27A /* v2_path.cpp in Sources */ = {isa = PBXBuildFile; fileRef = AA9CD41B141FCF570064C27A /* v2_path.cpp */; };
		AA9CD5AB141FD03B0064C27A /* v2_portability.cpp in Sources */ = {isa = PBXBuildFile; fileRef = AA9CD41C141FCF570064C27A /* v2_portability.cpp */; };
		AA9CD5AC141FD03B0064C27A /* codecvt_error_category.cpp in Sources */ = {isa = PBXBuildFile; fileRef = AA9CD46D141FCF570064C27A /* codecvt_error_category.cpp */; };
		AA9CD5AD141FD03B0064C27A /* operations.cpp in Sources */ = {isa = PBXBuildFile; fileRef = AA9CD46E141FCF570064C27A /* operations.cpp */; };
		AA9CD5AE141FD03B0064C27A /* path.cpp in Sources */ = {isa = PBXBuildFile; fileRef = AA9CD46F141FCF570064C27A /* path.cpp */; };
		AA9CD5AF141FD03B0064C27A /* path_traits.cpp in Sources */ = {isa = PBXBuildFile; fileRef = AA9CD470141FCF570064C27A /* path_traits.cpp */; };
		AA9CD5B0141FD03B0064C27A /* portability.cpp in Sources */ = {isa = PBXBuildFile; fileRef = AA9CD471141FCF570064C27A /* portability.cpp */; };
		AA9CD5B1141FD03B0064C27A /* unique_path.cpp in Sources */ = {isa = PBXBuildFile; fileRef = AA9CD472141FCF570064C27A /* unique_path.cpp */; };
		AA9CD5B2141FD03B0064C27A /* utf8_codecvt_facet.cpp in Sources */ = {isa = PBXBuildFile; fileRef = AA9CD473141FCF570064C27A /* utf8_codecvt_facet.cpp */; };
		AA9CD5B3141FD03B0064C27A /* windows_file_codecvt.cpp in Sources */ = {isa = PBXBuildFile; fileRef = AA9CD474141FCF570064C27A /* windows_file_codecvt.cpp */; };
		AA9CD5B4141FD03B0064C27A /* windows_file_codecvt.hpp in Sources */ = {isa = PBXBuildFile; fileRef = AA9CD475141FCF570064C27A /* windows_file_codecvt.hpp */; };
		AA9CD5B5141FD0480064C27A /* c_regex_traits.cpp in Sources */ = {isa = PBXBuildFile; fileRef = AA9CD3A3141FCF570064C27A /* c_regex_traits.cpp */; };
		AA9CD5B6141FD0480064C27A /* cpp_regex_traits.cpp in Sources */ = {isa = PBXBuildFile; fileRef = AA9CD3A4141FCF570064C27A /* cpp_regex_traits.cpp */; };
		AA9CD5B7141FD0480064C27A /* cregex.cpp in Sources */ = {isa = PBXBuildFile; fileRef = AA9CD3A5141FCF570064C27A /* cregex.cpp */; };
		AA9CD5B8141FD0480064C27A /* fileiter.cpp in Sources */ = {isa = PBXBuildFile; fileRef = AA9CD3A6141FCF570064C27A /* fileiter.cpp */; };
		AA9CD5B9141FD0480064C27A /* icu.cpp in Sources */ = {isa = PBXBuildFile; fileRef = AA9CD3A7141FCF570064C27A /* icu.cpp */; };
		AA9CD5BA141FD0480064C27A /* instances.cpp in Sources */ = {isa = PBXBuildFile; fileRef = AA9CD3A8141FCF570064C27A /* instances.cpp */; };
		AA9CD5BB141FD0480064C27A /* posix_api.cpp in Sources */ = {isa = PBXBuildFile; fileRef = AA9CD3A9141FCF570064C27A /* posix_api.cpp */; };
		AA9CD5BC141FD0480064C27A /* regex.cpp in Sources */ = {isa = PBXBuildFile; fileRef = AA9CD3AA141FCF570064C27A /* regex.cpp */; };
		AA9CD5BD141FD0480064C27A /* regex_debug.cpp in Sources */ = {isa = PBXBuildFile; fileRef = AA9CD3AB141FCF570064C27A /* regex_debug.cpp */; };
		AA9CD5BE141FD0480064C27A /* regex_raw_buffer.cpp in Sources */ = {isa = PBXBuildFile; fileRef = AA9CD3AC141FCF570064C27A /* regex_raw_buffer.cpp */; };
		AA9CD5BF141FD0480064C27A /* regex_traits_defaults.cpp in Sources */ = {isa = PBXBuildFile; fileRef = AA9CD3AD141FCF570064C27A /* regex_traits_defaults.cpp */; };
		AA9CD5C0141FD0480064C27A /* static_mutex.cpp in Sources */ = {isa = PBXBuildFile; fileRef = AA9CD3AE141FCF570064C27A /* static_mutex.cpp */; };
		AA9CD5C1141FD0480064C27A /* usinstances.cpp in Sources */ = {isa = PBXBuildFile; fileRef = AA9CD3AF141FCF570064C27A /* usinstances.cpp */; };
		AA9CD5C2141FD0480064C27A /* w32_regex_traits.cpp in Sources */ = {isa = PBXBuildFile; fileRef = AA9CD3B0141FCF570064C27A /* w32_regex_traits.cpp */; };
		AA9CD5C3141FD0480064C27A /* wc_regex_traits.cpp in Sources */ = {isa = PBXBuildFile; fileRef = AA9CD3B1141FCF570064C27A /* wc_regex_traits.cpp */; };
		AA9CD5C4141FD0480064C27A /* wide_posix_api.cpp in Sources */ = {isa = PBXBuildFile; fileRef = AA9CD3B2141FCF570064C27A /* wide_posix_api.cpp */; };
		AA9CD5C5141FD0480064C27A /* winstances.cpp in Sources */ = {isa = PBXBuildFile; fileRef = AA9CD3B3141FCF570064C27A /* winstances.cpp */; };
/* End PBXBuildFile section */

/* Begin PBXFileReference section */
		AA563C4A14D39CC000D4A91D /* libboost_python.a */ = {isa = PBXFileReference; explicitFileType = archive.ar; includeInIndex = 0; path = libboost_python.a; sourceTree = BUILT_PRODUCTS_DIR; };
		AA563D7214D39E3E00D4A91D /* arg_to_python_base.cpp */ = {isa = PBXFileReference; fileEncoding = 4; lastKnownFileType = sourcecode.cpp.cpp; path = arg_to_python_base.cpp; sourceTree = "<group>"; };
		AA563D7314D39E3E00D4A91D /* builtin_converters.cpp */ = {isa = PBXFileReference; fileEncoding = 4; lastKnownFileType = sourcecode.cpp.cpp; path = builtin_converters.cpp; sourceTree = "<group>"; };
		AA563D7414D39E3E00D4A91D /* from_python.cpp */ = {isa = PBXFileReference; fileEncoding = 4; lastKnownFileType = sourcecode.cpp.cpp; path = from_python.cpp; sourceTree = "<group>"; };
		AA563D7514D39E3E00D4A91D /* registry.cpp */ = {isa = PBXFileReference; fileEncoding = 4; lastKnownFileType = sourcecode.cpp.cpp; path = registry.cpp; sourceTree = "<group>"; };
		AA563D7614D39E3E00D4A91D /* type_id.cpp */ = {isa = PBXFileReference; fileEncoding = 4; lastKnownFileType = sourcecode.cpp.cpp; path = type_id.cpp; sourceTree = "<group>"; };
		AA563D7714D39E3E00D4A91D /* dict.cpp */ = {isa = PBXFileReference; fileEncoding = 4; lastKnownFileType = sourcecode.cpp.cpp; path = dict.cpp; sourceTree = "<group>"; };
		AA563D7814D39E3E00D4A91D /* errors.cpp */ = {isa = PBXFileReference; fileEncoding = 4; lastKnownFileType = sourcecode.cpp.cpp; path = errors.cpp; sourceTree = "<group>"; };
		AA563D7914D39E3E00D4A91D /* exec.cpp */ = {isa = PBXFileReference; fileEncoding = 4; lastKnownFileType = sourcecode.cpp.cpp; path = exec.cpp; sourceTree = "<group>"; };
		AA563D7A14D39E3E00D4A91D /* import.cpp */ = {isa = PBXFileReference; fileEncoding = 4; lastKnownFileType = sourcecode.cpp.cpp; path = import.cpp; sourceTree = "<group>"; };
		AA563D7B14D39E3E00D4A91D /* list.cpp */ = {isa = PBXFileReference; fileEncoding = 4; lastKnownFileType = sourcecode.cpp.cpp; path = list.cpp; sourceTree = "<group>"; };
		AA563D7C14D39E3E00D4A91D /* long.cpp */ = {isa = PBXFileReference; fileEncoding = 4; lastKnownFileType = sourcecode.cpp.cpp; path = long.cpp; sourceTree = "<group>"; };
		AA563D7D14D39E3E00D4A91D /* module.cpp */ = {isa = PBXFileReference; fileEncoding = 4; lastKnownFileType = sourcecode.cpp.cpp; path = module.cpp; sourceTree = "<group>"; };
		AA563D7E14D39E3E00D4A91D /* numeric.cpp */ = {isa = PBXFileReference; fileEncoding = 4; lastKnownFileType = sourcecode.cpp.cpp; path = numeric.cpp; sourceTree = "<group>"; };
		AA563D8014D39E3E00D4A91D /* class.cpp */ = {isa = PBXFileReference; fileEncoding = 4; lastKnownFileType = sourcecode.cpp.cpp; path = class.cpp; sourceTree = "<group>"; };
		AA563D8114D39E3E00D4A91D /* enum.cpp */ = {isa = PBXFileReference; fileEncoding = 4; lastKnownFileType = sourcecode.cpp.cpp; path = enum.cpp; sourceTree = "<group>"; };
		AA563D8214D39E3E00D4A91D /* function.cpp */ = {isa = PBXFileReference; fileEncoding = 4; lastKnownFileType = sourcecode.cpp.cpp; path = function.cpp; sourceTree = "<group>"; };
		AA563D8314D39E3E00D4A91D /* function_doc_signature.cpp */ = {isa = PBXFileReference; fileEncoding = 4; lastKnownFileType = sourcecode.cpp.cpp; path = function_doc_signature.cpp; sourceTree = "<group>"; };
		AA563D8414D39E3E00D4A91D /* inheritance.cpp */ = {isa = PBXFileReference; fileEncoding = 4; lastKnownFileType = sourcecode.cpp.cpp; path = inheritance.cpp; sourceTree = "<group>"; };
		AA563D8514D39E3E00D4A91D /* iterator.cpp */ = {isa = PBXFileReference; fileEncoding = 4; lastKnownFileType = sourcecode.cpp.cpp; path = iterator.cpp; sourceTree = "<group>"; };
		AA563D8614D39E3E00D4A91D /* life_support.cpp */ = {isa = PBXFileReference; fileEncoding = 4; lastKnownFileType = sourcecode.cpp.cpp; path = life_support.cpp; sourceTree = "<group>"; };
		AA563D8714D39E3E00D4A91D /* pickle_support.cpp */ = {isa = PBXFileReference; fileEncoding = 4; lastKnownFileType = sourcecode.cpp.cpp; path = pickle_support.cpp; sourceTree = "<group>"; };
		AA563D8814D39E3E00D4A91D /* stl_iterator.cpp */ = {isa = PBXFileReference; fileEncoding = 4; lastKnownFileType = sourcecode.cpp.cpp; path = stl_iterator.cpp; sourceTree = "<group>"; };
		AA563D8914D39E3E00D4A91D /* object_operators.cpp */ = {isa = PBXFileReference; fileEncoding = 4; lastKnownFileType = sourcecode.cpp.cpp; path = object_operators.cpp; sourceTree = "<group>"; };
		AA563D8A14D39E3E00D4A91D /* object_protocol.cpp */ = {isa = PBXFileReference; fileEncoding = 4; lastKnownFileType = sourcecode.cpp.cpp; path = object_protocol.cpp; sourceTree = "<group>"; };
		AA563D8B14D39E3E00D4A91D /* slice.cpp */ = {isa = PBXFileReference; fileEncoding = 4; lastKnownFileType = sourcecode.cpp.cpp; path = slice.cpp; sourceTree = "<group>"; };
		AA563D8C14D39E3E00D4A91D /* str.cpp */ = {isa = PBXFileReference; fileEncoding = 4; lastKnownFileType = sourcecode.cpp.cpp; path = str.cpp; sourceTree = "<group>"; };
		AA563D8D14D39E3E00D4A91D /* tuple.cpp */ = {isa = PBXFileReference; fileEncoding = 4; lastKnownFileType = sourcecode.cpp.cpp; path = tuple.cpp; sourceTree = "<group>"; };
		AA563D8E14D39E3E00D4A91D /* wrapper.cpp */ = {isa = PBXFileReference; fileEncoding = 4; lastKnownFileType = sourcecode.cpp.cpp; path = wrapper.cpp; sourceTree = "<group>"; };
		AA9CD1ED141FCD7A0064C27A /* Foundation.framework */ = {isa = PBXFileReference; lastKnownFileType = wrapper.framework; name = Foundation.framework; path = System/Library/Frameworks/Foundation.framework; sourceTree = SDKROOT; };
		AA9CD1F1141FCD7A0064C27A /* boost-Prefix.pch */ = {isa = PBXFileReference; lastKnownFileType = sourcecode.c.h; path = "boost-Prefix.pch"; sourceTree = "<group>"; };
		AA9CD2B2141FCF570064C27A /* error_code.cpp */ = {isa = PBXFileReference; fileEncoding = 4; lastKnownFileType = sourcecode.cpp.cpp; path = error_code.cpp; sourceTree = "<group>"; };
		AA9CD2B3141FCF570064C27A /* local_free_on_destruction.hpp */ = {isa = PBXFileReference; fileEncoding = 4; lastKnownFileType = sourcecode.cpp.h; path = local_free_on_destruction.hpp; sourceTree = "<group>"; };
		AA9CD3A3141FCF570064C27A /* c_regex_traits.cpp */ = {isa = PBXFileReference; fileEncoding = 4; lastKnownFileType = sourcecode.cpp.cpp; path = c_regex_traits.cpp; sourceTree = "<group>"; };
		AA9CD3A4141FCF570064C27A /* cpp_regex_traits.cpp */ = {isa = PBXFileReference; fileEncoding = 4; lastKnownFileType = sourcecode.cpp.cpp; path = cpp_regex_traits.cpp; sourceTree = "<group>"; };
		AA9CD3A5141FCF570064C27A /* cregex.cpp */ = {isa = PBXFileReference; fileEncoding = 4; lastKnownFileType = sourcecode.cpp.cpp; path = cregex.cpp; sourceTree = "<group>"; };
		AA9CD3A6141FCF570064C27A /* fileiter.cpp */ = {isa = PBXFileReference; fileEncoding = 4; lastKnownFileType = sourcecode.cpp.cpp; path = fileiter.cpp; sourceTree = "<group>"; };
		AA9CD3A7141FCF570064C27A /* icu.cpp */ = {isa = PBXFileReference; fileEncoding = 4; lastKnownFileType = sourcecode.cpp.cpp; path = icu.cpp; sourceTree = "<group>"; };
		AA9CD3A8141FCF570064C27A /* instances.cpp */ = {isa = PBXFileReference; fileEncoding = 4; lastKnownFileType = sourcecode.cpp.cpp; path = instances.cpp; sourceTree = "<group>"; };
		AA9CD3A9141FCF570064C27A /* posix_api.cpp */ = {isa = PBXFileReference; fileEncoding = 4; lastKnownFileType = sourcecode.cpp.cpp; path = posix_api.cpp; sourceTree = "<group>"; };
		AA9CD3AA141FCF570064C27A /* regex.cpp */ = {isa = PBXFileReference; fileEncoding = 4; lastKnownFileType = sourcecode.cpp.cpp; path = regex.cpp; sourceTree = "<group>"; };
		AA9CD3AB141FCF570064C27A /* regex_debug.cpp */ = {isa = PBXFileReference; fileEncoding = 4; lastKnownFileType = sourcecode.cpp.cpp; path = regex_debug.cpp; sourceTree = "<group>"; };
		AA9CD3AC141FCF570064C27A /* regex_raw_buffer.cpp */ = {isa = PBXFileReference; fileEncoding = 4; lastKnownFileType = sourcecode.cpp.cpp; path = regex_raw_buffer.cpp; sourceTree = "<group>"; };
		AA9CD3AD141FCF570064C27A /* regex_traits_defaults.cpp */ = {isa = PBXFileReference; fileEncoding = 4; lastKnownFileType = sourcecode.cpp.cpp; path = regex_traits_defaults.cpp; sourceTree = "<group>"; };
		AA9CD3AE141FCF570064C27A /* static_mutex.cpp */ = {isa = PBXFileReference; fileEncoding = 4; lastKnownFileType = sourcecode.cpp.cpp; path = static_mutex.cpp; sourceTree = "<group>"; };
		AA9CD3AF141FCF570064C27A /* usinstances.cpp */ = {isa = PBXFileReference; fileEncoding = 4; lastKnownFileType = sourcecode.cpp.cpp; path = usinstances.cpp; sourceTree = "<group>"; };
		AA9CD3B0141FCF570064C27A /* w32_regex_traits.cpp */ = {isa = PBXFileReference; fileEncoding = 4; lastKnownFileType = sourcecode.cpp.cpp; path = w32_regex_traits.cpp; sourceTree = "<group>"; };
		AA9CD3B1141FCF570064C27A /* wc_regex_traits.cpp */ = {isa = PBXFileReference; fileEncoding = 4; lastKnownFileType = sourcecode.cpp.cpp; path = wc_regex_traits.cpp; sourceTree = "<group>"; };
		AA9CD3B2141FCF570064C27A /* wide_posix_api.cpp */ = {isa = PBXFileReference; fileEncoding = 4; lastKnownFileType = sourcecode.cpp.cpp; path = wide_posix_api.cpp; sourceTree = "<group>"; };
		AA9CD3B3141FCF570064C27A /* winstances.cpp */ = {isa = PBXFileReference; fileEncoding = 4; lastKnownFileType = sourcecode.cpp.cpp; path = winstances.cpp; sourceTree = "<group>"; };
		AA9CD41A141FCF570064C27A /* v2_operations.cpp */ = {isa = PBXFileReference; fileEncoding = 4; lastKnownFileType = sourcecode.cpp.cpp; path = v2_operations.cpp; sourceTree = "<group>"; };
		AA9CD41B141FCF570064C27A /* v2_path.cpp */ = {isa = PBXFileReference; fileEncoding = 4; lastKnownFileType = sourcecode.cpp.cpp; path = v2_path.cpp; sourceTree = "<group>"; };
		AA9CD41C141FCF570064C27A /* v2_portability.cpp */ = {isa = PBXFileReference; fileEncoding = 4; lastKnownFileType = sourcecode.cpp.cpp; path = v2_portability.cpp; sourceTree = "<group>"; };
		AA9CD46D141FCF570064C27A /* codecvt_error_category.cpp */ = {isa = PBXFileReference; fileEncoding = 4; lastKnownFileType = sourcecode.cpp.cpp; path = codecvt_error_category.cpp; sourceTree = "<group>"; };
		AA9CD46E141FCF570064C27A /* operations.cpp */ = {isa = PBXFileReference; fileEncoding = 4; lastKnownFileType = sourcecode.cpp.cpp; path = operations.cpp; sourceTree = "<group>"; };
		AA9CD46F141FCF570064C27A /* path.cpp */ = {isa = PBXFileReference; fileEncoding = 4; lastKnownFileType = sourcecode.cpp.cpp; path = path.cpp; sourceTree = "<group>"; };
		AA9CD470141FCF570064C27A /* path_traits.cpp */ = {isa = PBXFileReference; fileEncoding = 4; lastKnownFileType = sourcecode.cpp.cpp; path = path_traits.cpp; sourceTree = "<group>"; };
		AA9CD471141FCF570064C27A /* portability.cpp */ = {isa = PBXFileReference; fileEncoding = 4; lastKnownFileType = sourcecode.cpp.cpp; path = portability.cpp; sourceTree = "<group>"; };
		AA9CD472141FCF570064C27A /* unique_path.cpp */ = {isa = PBXFileReference; fileEncoding = 4; lastKnownFileType = sourcecode.cpp.cpp; path = unique_path.cpp; sourceTree = "<group>"; };
		AA9CD473141FCF570064C27A /* utf8_codecvt_facet.cpp */ = {isa = PBXFileReference; fileEncoding = 4; lastKnownFileType = sourcecode.cpp.cpp; path = utf8_codecvt_facet.cpp; sourceTree = "<group>"; };
		AA9CD474141FCF570064C27A /* windows_file_codecvt.cpp */ = {isa = PBXFileReference; fileEncoding = 4; lastKnownFileType = sourcecode.cpp.cpp; path = windows_file_codecvt.cpp; sourceTree = "<group>"; };
		AA9CD475141FCF570064C27A /* windows_file_codecvt.hpp */ = {isa = PBXFileReference; fileEncoding = 4; lastKnownFileType = sourcecode.cpp.h; path = windows_file_codecvt.hpp; sourceTree = "<group>"; };
		AA9CD594141FCFCD0064C27A /* libboost_system.a */ = {isa = PBXFileReference; explicitFileType = archive.ar; includeInIndex = 0; path = libboost_system.a; sourceTree = BUILT_PRODUCTS_DIR; };
		AA9CD59D141FCFD70064C27A /* libboost_filesystem.a */ = {isa = PBXFileReference; explicitFileType = archive.ar; includeInIndex = 0; path = libboost_filesystem.a; sourceTree = BUILT_PRODUCTS_DIR; };
		AA9CD5A6141FCFE00064C27A /* libboost_regex.a */ = {isa = PBXFileReference; explicitFileType = archive.ar; includeInIndex = 0; path = libboost_regex.a; sourceTree = BUILT_PRODUCTS_DIR; };
/* End PBXFileReference section */

/* Begin PBXFrameworksBuildPhase section */
		AA563C4314D39CC000D4A91D /* Frameworks */ = {
			isa = PBXFrameworksBuildPhase;
			buildActionMask = 2147483647;
			files = (
				AA563C4414D39CC000D4A91D /* Foundation.framework in Frameworks */,
			);
			runOnlyForDeploymentPostprocessing = 0;
		};
		AA9CD58E141FCFCD0064C27A /* Frameworks */ = {
			isa = PBXFrameworksBuildPhase;
			buildActionMask = 2147483647;
			files = (
				AA9CD58F141FCFCD0064C27A /* Foundation.framework in Frameworks */,
			);
			runOnlyForDeploymentPostprocessing = 0;
		};
		AA9CD597141FCFD70064C27A /* Frameworks */ = {
			isa = PBXFrameworksBuildPhase;
			buildActionMask = 2147483647;
			files = (
				AA9CD598141FCFD70064C27A /* Foundation.framework in Frameworks */,
			);
			runOnlyForDeploymentPostprocessing = 0;
		};
		AA9CD5A0141FCFE00064C27A /* Frameworks */ = {
			isa = PBXFrameworksBuildPhase;
			buildActionMask = 2147483647;
			files = (
				AA9CD5A1141FCFE00064C27A /* Foundation.framework in Frameworks */,
			);
			runOnlyForDeploymentPostprocessing = 0;
		};
/* End PBXFrameworksBuildPhase section */

/* Begin PBXGroup section */
		AA563C4B14D39E3E00D4A91D /* python */ = {
			isa = PBXGroup;
			children = (
				AA563D7014D39E3E00D4A91D /* src */,
			);
			name = python;
			path = boost_1_44_0/libs/python;
			sourceTree = SOURCE_ROOT;
		};
		AA563D7014D39E3E00D4A91D /* src */ = {
			isa = PBXGroup;
			children = (
				AA563D7114D39E3E00D4A91D /* converter */,
				AA563D7714D39E3E00D4A91D /* dict.cpp */,
				AA563D7814D39E3E00D4A91D /* errors.cpp */,
				AA563D7914D39E3E00D4A91D /* exec.cpp */,
				AA563D7A14D39E3E00D4A91D /* import.cpp */,
				AA563D7B14D39E3E00D4A91D /* list.cpp */,
				AA563D7C14D39E3E00D4A91D /* long.cpp */,
				AA563D7D14D39E3E00D4A91D /* module.cpp */,
				AA563D7E14D39E3E00D4A91D /* numeric.cpp */,
				AA563D7F14D39E3E00D4A91D /* object */,
				AA563D8914D39E3E00D4A91D /* object_operators.cpp */,
				AA563D8A14D39E3E00D4A91D /* object_protocol.cpp */,
				AA563D8B14D39E3E00D4A91D /* slice.cpp */,
				AA563D8C14D39E3E00D4A91D /* str.cpp */,
				AA563D8D14D39E3E00D4A91D /* tuple.cpp */,
				AA563D8E14D39E3E00D4A91D /* wrapper.cpp */,
			);
			path = src;
			sourceTree = "<group>";
		};
		AA563D7114D39E3E00D4A91D /* converter */ = {
			isa = PBXGroup;
			children = (
				AA563D7214D39E3E00D4A91D /* arg_to_python_base.cpp */,
				AA563D7314D39E3E00D4A91D /* builtin_converters.cpp */,
				AA563D7414D39E3E00D4A91D /* from_python.cpp */,
				AA563D7514D39E3E00D4A91D /* registry.cpp */,
				AA563D7614D39E3E00D4A91D /* type_id.cpp */,
			);
			path = converter;
			sourceTree = "<group>";
		};
		AA563D7F14D39E3E00D4A91D /* object */ = {
			isa = PBXGroup;
			children = (
				AA563D8014D39E3E00D4A91D /* class.cpp */,
				AA563D8114D39E3E00D4A91D /* enum.cpp */,
				AA563D8214D39E3E00D4A91D /* function.cpp */,
				AA563D8314D39E3E00D4A91D /* function_doc_signature.cpp */,
				AA563D8414D39E3E00D4A91D /* inheritance.cpp */,
				AA563D8514D39E3E00D4A91D /* iterator.cpp */,
				AA563D8614D39E3E00D4A91D /* life_support.cpp */,
				AA563D8714D39E3E00D4A91D /* pickle_support.cpp */,
				AA563D8814D39E3E00D4A91D /* stl_iterator.cpp */,
			);
			path = object;
			sourceTree = "<group>";
		};
		AA9CD1DF141FCD7A0064C27A = {
			isa = PBXGroup;
			children = (
				AA9CD1EF141FCD7A0064C27A /* boost */,
				AA9CD1EC141FCD7A0064C27A /* Frameworks */,
				AA9CD1EB141FCD7A0064C27A /* Products */,
			);
			sourceTree = "<group>";
		};
		AA9CD1EB141FCD7A0064C27A /* Products */ = {
			isa = PBXGroup;
			children = (
				AA9CD594141FCFCD0064C27A /* libboost_system.a */,
				AA9CD59D141FCFD70064C27A /* libboost_filesystem.a */,
				AA9CD5A6141FCFE00064C27A /* libboost_regex.a */,
				AA563C4A14D39CC000D4A91D /* libboost_python.a */,
			);
			name = Products;
			sourceTree = "<group>";
		};
		AA9CD1EC141FCD7A0064C27A /* Frameworks */ = {
			isa = PBXGroup;
			children = (
				AA9CD1ED141FCD7A0064C27A /* Foundation.framework */,
			);
			name = Frameworks;
			sourceTree = "<group>";
		};
		AA9CD1EF141FCD7A0064C27A /* boost */ = {
			isa = PBXGroup;
			children = (
				AA563C4B14D39E3E00D4A91D /* python */,
				AA9CD2AA141FCF570064C27A /* system */,
				AA9CD2C2141FCF570064C27A /* regex */,
				AA9CD400141FCF570064C27A /* filesystem */,
				AA9CD1F0141FCD7A0064C27A /* Supporting Files */,
			);
			path = boost;
			sourceTree = "<group>";
		};
		AA9CD1F0141FCD7A0064C27A /* Supporting Files */ = {
			isa = PBXGroup;
			children = (
				AA9CD1F1141FCD7A0064C27A /* boost-Prefix.pch */,
			);
			name = "Supporting Files";
			sourceTree = "<group>";
		};
		AA9CD2AA141FCF570064C27A /* system */ = {
			isa = PBXGroup;
			children = (
				AA9CD2B1141FCF570064C27A /* src */,
			);
			name = system;
			path = boost_1_44_0/libs/system;
			sourceTree = SOURCE_ROOT;
		};
		AA9CD2B1141FCF570064C27A /* src */ = {
			isa = PBXGroup;
			children = (
				AA9CD2B2141FCF570064C27A /* error_code.cpp */,
				AA9CD2B3141FCF570064C27A /* local_free_on_destruction.hpp */,
			);
			path = src;
			sourceTree = "<group>";
		};
		AA9CD2C2141FCF570064C27A /* regex */ = {
			isa = PBXGroup;
			children = (
				AA9CD3A2141FCF570064C27A /* src */,
			);
			name = regex;
			path = boost_1_44_0/libs/regex;
			sourceTree = SOURCE_ROOT;
		};
		AA9CD3A2141FCF570064C27A /* src */ = {
			isa = PBXGroup;
			children = (
				AA9CD3A3141FCF570064C27A /* c_regex_traits.cpp */,
				AA9CD3A4141FCF570064C27A /* cpp_regex_traits.cpp */,
				AA9CD3A5141FCF570064C27A /* cregex.cpp */,
				AA9CD3A6141FCF570064C27A /* fileiter.cpp */,
				AA9CD3A7141FCF570064C27A /* icu.cpp */,
				AA9CD3A8141FCF570064C27A /* instances.cpp */,
				AA9CD3A9141FCF570064C27A /* posix_api.cpp */,
				AA9CD3AA141FCF570064C27A /* regex.cpp */,
				AA9CD3AB141FCF570064C27A /* regex_debug.cpp */,
				AA9CD3AC141FCF570064C27A /* regex_raw_buffer.cpp */,
				AA9CD3AD141FCF570064C27A /* regex_traits_defaults.cpp */,
				AA9CD3AE141FCF570064C27A /* static_mutex.cpp */,
				AA9CD3AF141FCF570064C27A /* usinstances.cpp */,
				AA9CD3B0141FCF570064C27A /* w32_regex_traits.cpp */,
				AA9CD3B1141FCF570064C27A /* wc_regex_traits.cpp */,
				AA9CD3B2141FCF570064C27A /* wide_posix_api.cpp */,
				AA9CD3B3141FCF570064C27A /* winstances.cpp */,
			);
			path = src;
			sourceTree = "<group>";
		};
		AA9CD400141FCF570064C27A /* filesystem */ = {
			isa = PBXGroup;
			children = (
				AA9CD406141FCF570064C27A /* v2 */,
				AA9CD443141FCF570064C27A /* v3 */,
			);
			name = filesystem;
			path = boost_1_44_0/libs/filesystem;
			sourceTree = SOURCE_ROOT;
		};
		AA9CD406141FCF570064C27A /* v2 */ = {
			isa = PBXGroup;
			children = (
				AA9CD419141FCF570064C27A /* src */,
			);
			path = v2;
			sourceTree = "<group>";
		};
		AA9CD419141FCF570064C27A /* src */ = {
			isa = PBXGroup;
			children = (
				AA9CD41A141FCF570064C27A /* v2_operations.cpp */,
				AA9CD41B141FCF570064C27A /* v2_path.cpp */,
				AA9CD41C141FCF570064C27A /* v2_portability.cpp */,
			);
			path = src;
			sourceTree = "<group>";
		};
		AA9CD443141FCF570064C27A /* v3 */ = {
			isa = PBXGroup;
			children = (
				AA9CD46C141FCF570064C27A /* src */,
			);
			path = v3;
			sourceTree = "<group>";
		};
		AA9CD46C141FCF570064C27A /* src */ = {
			isa = PBXGroup;
			children = (
				AA9CD46D141FCF570064C27A /* codecvt_error_category.cpp */,
				AA9CD46E141FCF570064C27A /* operations.cpp */,
				AA9CD46F141FCF570064C27A /* path.cpp */,
				AA9CD470141FCF570064C27A /* path_traits.cpp */,
				AA9CD471141FCF570064C27A /* portability.cpp */,
				AA9CD472141FCF570064C27A /* unique_path.cpp */,
				AA9CD473141FCF570064C27A /* utf8_codecvt_facet.cpp */,
				AA9CD474141FCF570064C27A /* windows_file_codecvt.cpp */,
				AA9CD475141FCF570064C27A /* windows_file_codecvt.hpp */,
			);
			path = src;
			sourceTree = "<group>";
		};
/* End PBXGroup section */

/* Begin PBXHeadersBuildPhase section */
		AA563C4514D39CC000D4A91D /* Headers */ = {
			isa = PBXHeadersBuildPhase;
			buildActionMask = 2147483647;
			files = (
			);
			runOnlyForDeploymentPostprocessing = 0;
		};
		AA9CD590141FCFCD0064C27A /* Headers */ = {
			isa = PBXHeadersBuildPhase;
			buildActionMask = 2147483647;
			files = (
				AA9CD5A8141FD0290064C27A /* local_free_on_destruction.hpp in Headers */,
			);
			runOnlyForDeploymentPostprocessing = 0;
		};
		AA9CD599141FCFD70064C27A /* Headers */ = {
			isa = PBXHeadersBuildPhase;
			buildActionMask = 2147483647;
			files = (
			);
			runOnlyForDeploymentPostprocessing = 0;
		};
		AA9CD5A2141FCFE00064C27A /* Headers */ = {
			isa = PBXHeadersBuildPhase;
			buildActionMask = 2147483647;
			files = (
			);
			runOnlyForDeploymentPostprocessing = 0;
		};
/* End PBXHeadersBuildPhase section */

/* Begin PBXNativeTarget section */
		AA563C3014D39CC000D4A91D /* boost_python */ = {
			isa = PBXNativeTarget;
			buildConfigurationList = AA563C4714D39CC000D4A91D /* Build configuration list for PBXNativeTarget "boost_python" */;
			buildPhases = (
				AA563C3114D39CC000D4A91D /* Sources */,
				AA563C4314D39CC000D4A91D /* Frameworks */,
				AA563C4514D39CC000D4A91D /* Headers */,
				AA563C4614D39CC000D4A91D /* ShellScript */,
			);
			buildRules = (
			);
			dependencies = (
			);
			name = boost_python;
			productName = boost;
			productReference = AA563C4A14D39CC000D4A91D /* libboost_python.a */;
			productType = "com.apple.product-type.library.static";
		};
		AA9CD58C141FCFCD0064C27A /* boost_system */ = {
			isa = PBXNativeTarget;
			buildConfigurationList = AA9CD591141FCFCD0064C27A /* Build configuration list for PBXNativeTarget "boost_system" */;
			buildPhases = (
				AA9CD58D141FCFCD0064C27A /* Sources */,
				AA9CD58E141FCFCD0064C27A /* Frameworks */,
				AA9CD590141FCFCD0064C27A /* Headers */,
				AA17914B14216D1400DCA9FE /* ShellScript */,
			);
			buildRules = (
			);
			dependencies = (
			);
			name = boost_system;
			productName = boost;
			productReference = AA9CD594141FCFCD0064C27A /* libboost_system.a */;
			productType = "com.apple.product-type.library.static";
		};
		AA9CD595141FCFD70064C27A /* boost_filesystem */ = {
			isa = PBXNativeTarget;
			buildConfigurationList = AA9CD59A141FCFD70064C27A /* Build configuration list for PBXNativeTarget "boost_filesystem" */;
			buildPhases = (
				AA9CD596141FCFD70064C27A /* Sources */,
				AA9CD597141FCFD70064C27A /* Frameworks */,
				AA9CD599141FCFD70064C27A /* Headers */,
				AA17914D14216D3F00DCA9FE /* ShellScript */,
			);
			buildRules = (
			);
			dependencies = (
			);
			name = boost_filesystem;
			productName = boost;
			productReference = AA9CD59D141FCFD70064C27A /* libboost_filesystem.a */;
			productType = "com.apple.product-type.library.static";
		};
		AA9CD59E141FCFE00064C27A /* boost_regex */ = {
			isa = PBXNativeTarget;
			buildConfigurationList = AA9CD5A3141FCFE00064C27A /* Build configuration list for PBXNativeTarget "boost_regex" */;
			buildPhases = (
				AA9CD59F141FCFE00064C27A /* Sources */,
				AA9CD5A0141FCFE00064C27A /* Frameworks */,
				AA9CD5A2141FCFE00064C27A /* Headers */,
				AA17914E14216D4400DCA9FE /* ShellScript */,
			);
			buildRules = (
			);
			dependencies = (
			);
			name = boost_regex;
			productName = boost;
			productReference = AA9CD5A6141FCFE00064C27A /* libboost_regex.a */;
			productType = "com.apple.product-type.library.static";
		};
/* End PBXNativeTarget section */

/* Begin PBXProject section */
		AA9CD1E1141FCD7A0064C27A /* Project object */ = {
			isa = PBXProject;
			buildConfigurationList = AA9CD1E4141FCD7A0064C27A /* Build configuration list for PBXProject "boost" */;
			compatibilityVersion = "Xcode 3.2";
			developmentRegion = English;
			hasScannedForEncodings = 0;
			knownRegions = (
				en,
			);
			mainGroup = AA9CD1DF141FCD7A0064C27A;
			productRefGroup = AA9CD1EB141FCD7A0064C27A /* Products */;
			projectDirPath = "";
			projectRoot = "";
			targets = (
				AA9CD58C141FCFCD0064C27A /* boost_system */,
				AA9CD595141FCFD70064C27A /* boost_filesystem */,
				AA9CD59E141FCFE00064C27A /* boost_regex */,
				AA563C3014D39CC000D4A91D /* boost_python */,
			);
		};
/* End PBXProject section */

/* Begin PBXShellScriptBuildPhase section */
		AA17914B14216D1400DCA9FE /* ShellScript */ = {
			isa = PBXShellScriptBuildPhase;
			buildActionMask = 2147483647;
			files = (
			);
			inputPaths = (
			);
			outputPaths = (
			);
			runOnlyForDeploymentPostprocessing = 0;
			shellPath = /bin/sh;
			shellScript = "cp $PROJECT_DIR/build/$CONFIGURATION$EFFECTIVE_PLATFORM_NAME/*.a $PROJECT_DIR/../libs/$PLATFORM_NAME";
		};
		AA17914D14216D3F00DCA9FE /* ShellScript */ = {
			isa = PBXShellScriptBuildPhase;
			buildActionMask = 2147483647;
			files = (
			);
			inputPaths = (
			);
			outputPaths = (
			);
			runOnlyForDeploymentPostprocessing = 0;
			shellPath = /bin/sh;
			shellScript = "cp $PROJECT_DIR/build/$CONFIGURATION$EFFECTIVE_PLATFORM_NAME/*.a $PROJECT_DIR/../libs/$PLATFORM_NAME";
		};
		AA17914E14216D4400DCA9FE /* ShellScript */ = {
			isa = PBXShellScriptBuildPhase;
			buildActionMask = 2147483647;
			files = (
			);
			inputPaths = (
			);
			outputPaths = (
			);
			runOnlyForDeploymentPostprocessing = 0;
			shellPath = /bin/sh;
			shellScript = "cp $PROJECT_DIR/build/$CONFIGURATION$EFFECTIVE_PLATFORM_NAME/*.a $PROJECT_DIR/../libs/$PLATFORM_NAME";
		};
		AA563C4614D39CC000D4A91D /* ShellScript */ = {
			isa = PBXShellScriptBuildPhase;
			buildActionMask = 2147483647;
			files = (
			);
			inputPaths = (
			);
			outputPaths = (
			);
			runOnlyForDeploymentPostprocessing = 0;
			shellPath = /bin/sh;
			shellScript = "cp $PROJECT_DIR/build/$CONFIGURATION$EFFECTIVE_PLATFORM_NAME/*.a $PROJECT_DIR/../libs/$PLATFORM_NAME";
		};
/* End PBXShellScriptBuildPhase section */

/* Begin PBXSourcesBuildPhase section */
		AA563C3114D39CC000D4A91D /* Sources */ = {
			isa = PBXSourcesBuildPhase;
			buildActionMask = 2147483647;
			files = (
				AA563EDE14D39E6A00D4A91D /* arg_to_python_base.cpp in Sources */,
				AA563EDF14D39E6A00D4A91D /* builtin_converters.cpp in Sources */,
				AA563EE014D39E6A00D4A91D /* from_python.cpp in Sources */,
				AA563EE114D39E6A00D4A91D /* registry.cpp in Sources */,
				AA563EE214D39E6A00D4A91D /* type_id.cpp in Sources */,
				AA563EE314D39E6A00D4A91D /* dict.cpp in Sources */,
				AA563EE414D39E6A00D4A91D /* errors.cpp in Sources */,
				AA563EE514D39E6A00D4A91D /* exec.cpp in Sources */,
				AA563EE614D39E6A00D4A91D /* import.cpp in Sources */,
				AA563EE714D39E6A00D4A91D /* list.cpp in Sources */,
				AA563EE814D39E6A00D4A91D /* long.cpp in Sources */,
				AA563EE914D39E6A00D4A91D /* module.cpp in Sources */,
				AA563EEA14D39E6A00D4A91D /* numeric.cpp in Sources */,
				AA563EEB14D39E6A00D4A91D /* class.cpp in Sources */,
				AA563EEC14D39E6A00D4A91D /* enum.cpp in Sources */,
				AA563EED14D39E6A00D4A91D /* function.cpp in Sources */,
				AA563EEE14D39E6A00D4A91D /* function_doc_signature.cpp in Sources */,
				AA563EEF14D39E6A00D4A91D /* inheritance.cpp in Sources */,
				AA563EF014D39E6A00D4A91D /* iterator.cpp in Sources */,
				AA563EF114D39E6A00D4A91D /* life_support.cpp in Sources */,
				AA563EF214D39E6A00D4A91D /* pickle_support.cpp in Sources */,
				AA563EF314D39E6A00D4A91D /* stl_iterator.cpp in Sources */,
				AA563EF414D39E6A00D4A91D /* object_operators.cpp in Sources */,
				AA563EF514D39E6A00D4A91D /* object_protocol.cpp in Sources */,
				AA563EF614D39E6A00D4A91D /* slice.cpp in Sources */,
				AA563EF714D39E6A00D4A91D /* str.cpp in Sources */,
				AA563EF814D39E6A00D4A91D /* tuple.cpp in Sources */,
				AA563EF914D39E6A00D4A91D /* wrapper.cpp in Sources */,
			);
			runOnlyForDeploymentPostprocessing = 0;
		};
		AA9CD58D141FCFCD0064C27A /* Sources */ = {
			isa = PBXSourcesBuildPhase;
			buildActionMask = 2147483647;
			files = (
				AA638D3A14E5E9EA0043B930 /* error_code.cpp in Sources */,
			);
			runOnlyForDeploymentPostprocessing = 0;
		};
		AA9CD596141FCFD70064C27A /* Sources */ = {
			isa = PBXSourcesBuildPhase;
			buildActionMask = 2147483647;
			files = (
				AA9CD5A9141FD03B0064C27A /* v2_operations.cpp in Sources */,
				AA9CD5AA141FD03B0064C27A /* v2_path.cpp in Sources */,
				AA9CD5AB141FD03B0064C27A /* v2_portability.cpp in Sources */,
				AA9CD5AC141FD03B0064C27A /* codecvt_error_category.cpp in Sources */,
				AA9CD5AD141FD03B0064C27A /* operations.cpp in Sources */,
				AA9CD5AE141FD03B0064C27A /* path.cpp in Sources */,
				AA9CD5AF141FD03B0064C27A /* path_traits.cpp in Sources */,
				AA9CD5B0141FD03B0064C27A /* portability.cpp in Sources */,
				AA9CD5B1141FD03B0064C27A /* unique_path.cpp in Sources */,
				AA9CD5B2141FD03B0064C27A /* utf8_codecvt_facet.cpp in Sources */,
				AA9CD5B3141FD03B0064C27A /* windows_file_codecvt.cpp in Sources */,
				AA9CD5B4141FD03B0064C27A /* windows_file_codecvt.hpp in Sources */,
			);
			runOnlyForDeploymentPostprocessing = 0;
		};
		AA9CD59F141FCFE00064C27A /* Sources */ = {
			isa = PBXSourcesBuildPhase;
			buildActionMask = 2147483647;
			files = (
				AA9CD5B5141FD0480064C27A /* c_regex_traits.cpp in Sources */,
				AA9CD5B6141FD0480064C27A /* cpp_regex_traits.cpp in Sources */,
				AA9CD5B7141FD0480064C27A /* cregex.cpp in Sources */,
				AA9CD5B8141FD0480064C27A /* fileiter.cpp in Sources */,
				AA9CD5B9141FD0480064C27A /* icu.cpp in Sources */,
				AA9CD5BA141FD0480064C27A /* instances.cpp in Sources */,
				AA9CD5BB141FD0480064C27A /* posix_api.cpp in Sources */,
				AA9CD5BC141FD0480064C27A /* regex.cpp in Sources */,
				AA9CD5BD141FD0480064C27A /* regex_debug.cpp in Sources */,
				AA9CD5BE141FD0480064C27A /* regex_raw_buffer.cpp in Sources */,
				AA9CD5BF141FD0480064C27A /* regex_traits_defaults.cpp in Sources */,
				AA9CD5C0141FD0480064C27A /* static_mutex.cpp in Sources */,
				AA9CD5C1141FD0480064C27A /* usinstances.cpp in Sources */,
				AA9CD5C2141FD0480064C27A /* w32_regex_traits.cpp in Sources */,
				AA9CD5C3141FD0480064C27A /* wc_regex_traits.cpp in Sources */,
				AA9CD5C4141FD0480064C27A /* wide_posix_api.cpp in Sources */,
				AA9CD5C5141FD0480064C27A /* winstances.cpp in Sources */,
			);
			runOnlyForDeploymentPostprocessing = 0;
		};
/* End PBXSourcesBuildPhase section */

/* Begin XCBuildConfiguration section */
		AA563C4814D39CC000D4A91D /* Debug */ = {
			isa = XCBuildConfiguration;
			buildSettings = {
				ALWAYS_SEARCH_USER_PATHS = NO;
				DSTROOT = /tmp/boost.dst;
				GCC_PRECOMPILE_PREFIX_HEADER = YES;
				GCC_PREFIX_HEADER = "boost/boost-Prefix.pch";
				GCC_THUMB_SUPPORT = NO;
				GCC_VERSION = com.apple.compilers.llvmgcc42;
				HEADER_SEARCH_PATHS = (
					"$PROJECT_DIR/../python/Python-2.6.5/_install/include/python2.6",
					$PROJECT_DIR/boost_1_44_0,
					"$PROJECT_DIR/../python/Python-2.6.5",
				);
				IPHONEOS_DEPLOYMENT_TARGET = 4.1;
				ONLY_ACTIVE_ARCH = YES;
				OTHER_LDFLAGS = "-ObjC";
				PRODUCT_NAME = boost_python;
				SYMROOT = $PROJECT_DIR/build;
				TARGETED_DEVICE_FAMILY = "1,2";
			};
			name = Debug;
		};
		AA563C4914D39CC000D4A91D /* Release */ = {
			isa = XCBuildConfiguration;
			buildSettings = {
				ALWAYS_SEARCH_USER_PATHS = NO;
				DSTROOT = /tmp/boost.dst;
				GCC_PRECOMPILE_PREFIX_HEADER = YES;
				GCC_PREFIX_HEADER = "boost/boost-Prefix.pch";
				GCC_THUMB_SUPPORT = NO;
				GCC_VERSION = com.apple.compilers.llvmgcc42;
				HEADER_SEARCH_PATHS = (
					"$PROJECT_DIR/../python/Python-2.6.5/_install/include/python2.6",
					$PROJECT_DIR/boost_1_44_0,
					"$PROJECT_DIR/../python/Python-2.6.5",
				);
				IPHONEOS_DEPLOYMENT_TARGET = 4.1;
				ONLY_ACTIVE_ARCH = YES;
				OTHER_LDFLAGS = "-ObjC";
				PRODUCT_NAME = boost_python;
				SYMROOT = $PROJECT_DIR/build;
				TARGETED_DEVICE_FAMILY = "1,2";
			};
			name = Release;
		};
		AA9CD1F2141FCD7A0064C27A /* Debug */ = {
			isa = XCBuildConfiguration;
			buildSettings = {
				ALWAYS_SEARCH_USER_PATHS = NO;
				ARCHS = "$(ARCHS_STANDARD_32_BIT)";
				GCC_C_LANGUAGE_STANDARD = gnu99;
				GCC_OPTIMIZATION_LEVEL = 0;
				GCC_PREPROCESSOR_DEFINITIONS = DEBUG;
				GCC_SYMBOLS_PRIVATE_EXTERN = NO;
				GCC_VERSION = 4.2;
				GCC_WARN_ABOUT_RETURN_TYPE = YES;
				GCC_WARN_UNUSED_VARIABLE = YES;
				HEADER_SEARCH_PATHS = $PROJECT_DIR/boost_1_44_0;
				IPHONEOS_DEPLOYMENT_TARGET = 4.1;
				ONLY_ACTIVE_ARCH = YES;
				SDKROOT = iphoneos;
				SYMROOT = $PROJECT_DIR/build;
				TARGETED_DEVICE_FAMILY = "1,2";
			};
			name = Debug;
		};
		AA9CD1F3141FCD7A0064C27A /* Release */ = {
			isa = XCBuildConfiguration;
			buildSettings = {
				ALWAYS_SEARCH_USER_PATHS = NO;
				ARCHS = "$(ARCHS_STANDARD_32_BIT)";
				GCC_C_LANGUAGE_STANDARD = gnu99;
				GCC_VERSION = 4.2;
				GCC_WARN_ABOUT_RETURN_TYPE = YES;
				GCC_WARN_UNUSED_VARIABLE = YES;
				HEADER_SEARCH_PATHS = $PROJECT_DIR/boost_1_44_0;
				IPHONEOS_DEPLOYMENT_TARGET = 4.1;
				ONLY_ACTIVE_ARCH = YES;
				SDKROOT = iphoneos;
				SYMROOT = $PROJECT_DIR/build;
				TARGETED_DEVICE_FAMILY = "1,2";
			};
			name = Release;
		};
		AA9CD592141FCFCD0064C27A /* Debug */ = {
			isa = XCBuildConfiguration;
			buildSettings = {
				ALWAYS_SEARCH_USER_PATHS = NO;
				DSTROOT = /tmp/boost.dst;
				GCC_PRECOMPILE_PREFIX_HEADER = YES;
				GCC_PREFIX_HEADER = "boost/boost-Prefix.pch";
				GCC_THUMB_SUPPORT = NO;
				GCC_VERSION = com.apple.compilers.llvmgcc42;
				HEADER_SEARCH_PATHS = $PROJECT_DIR/boost_1_44_0;
				IPHONEOS_DEPLOYMENT_TARGET = 4.1;
				ONLY_ACTIVE_ARCH = YES;
				OTHER_LDFLAGS = "-ObjC";
				PRODUCT_NAME = $TARGET_NAME;
				SYMROOT = $PROJECT_DIR/build;
				TARGETED_DEVICE_FAMILY = "1,2";
			};
			name = Debug;
		};
		AA9CD593141FCFCD0064C27A /* Release */ = {
			isa = XCBuildConfiguration;
			buildSettings = {
				ALWAYS_SEARCH_USER_PATHS = NO;
				DSTROOT = /tmp/boost.dst;
				GCC_PRECOMPILE_PREFIX_HEADER = YES;
				GCC_PREFIX_HEADER = "boost/boost-Prefix.pch";
				GCC_THUMB_SUPPORT = NO;
				GCC_VERSION = com.apple.compilers.llvmgcc42;
				HEADER_SEARCH_PATHS = $PROJECT_DIR/boost_1_44_0;
				IPHONEOS_DEPLOYMENT_TARGET = 4.1;
				ONLY_ACTIVE_ARCH = YES;
				OTHER_LDFLAGS = "-ObjC";
				PRODUCT_NAME = $TARGET_NAME;
				SYMROOT = $PROJECT_DIR/build;
				TARGETED_DEVICE_FAMILY = "1,2";
			};
			name = Release;
		};
		AA9CD59B141FCFD70064C27A /* Debug */ = {
			isa = XCBuildConfiguration;
			buildSettings = {
				ALWAYS_SEARCH_USER_PATHS = NO;
				DSTROOT = /tmp/boost.dst;
				GCC_PRECOMPILE_PREFIX_HEADER = YES;
				GCC_PREFIX_HEADER = "boost/boost-Prefix.pch";
				GCC_THUMB_SUPPORT = NO;
				GCC_VERSION = com.apple.compilers.llvmgcc42;
				HEADER_SEARCH_PATHS = $PROJECT_DIR/boost_1_44_0;
				IPHONEOS_DEPLOYMENT_TARGET = 4.1;
				ONLY_ACTIVE_ARCH = YES;
				OTHER_LDFLAGS = "-ObjC";
				PRODUCT_NAME = $TARGET_NAME;
				SYMROOT = $PROJECT_DIR/build;
				TARGETED_DEVICE_FAMILY = "1,2";
			};
			name = Debug;
		};
		AA9CD59C141FCFD70064C27A /* Release */ = {
			isa = XCBuildConfiguration;
			buildSettings = {
				ALWAYS_SEARCH_USER_PATHS = NO;
				DSTROOT = /tmp/boost.dst;
				GCC_PRECOMPILE_PREFIX_HEADER = YES;
				GCC_PREFIX_HEADER = "boost/boost-Prefix.pch";
				GCC_THUMB_SUPPORT = NO;
				GCC_VERSION = com.apple.compilers.llvmgcc42;
				HEADER_SEARCH_PATHS = $PROJECT_DIR/boost_1_44_0;
				IPHONEOS_DEPLOYMENT_TARGET = 4.1;
				ONLY_ACTIVE_ARCH = YES;
				OTHER_LDFLAGS = "-ObjC";
				PRODUCT_NAME = $TARGET_NAME;
				SYMROOT = $PROJECT_DIR/build;
				TARGETED_DEVICE_FAMILY = "1,2";
			};
			name = Release;
		};
		AA9CD5A4141FCFE00064C27A /* Debug */ = {
			isa = XCBuildConfiguration;
			buildSettings = {
				ALWAYS_SEARCH_USER_PATHS = NO;
				DSTROOT = /tmp/boost.dst;
				GCC_PRECOMPILE_PREFIX_HEADER = YES;
				GCC_PREFIX_HEADER = "boost/boost-Prefix.pch";
				GCC_THUMB_SUPPORT = NO;
				GCC_VERSION = com.apple.compilers.llvmgcc42;
				HEADER_SEARCH_PATHS = $PROJECT_DIR/boost_1_44_0;
				IPHONEOS_DEPLOYMENT_TARGET = 4.1;
				ONLY_ACTIVE_ARCH = YES;
				OTHER_LDFLAGS = "-ObjC";
				PRODUCT_NAME = $TARGET_NAME;
				SYMROOT = $PROJECT_DIR/build;
				TARGETED_DEVICE_FAMILY = "1,2";
			};
			name = Debug;
		};
		AA9CD5A5141FCFE00064C27A /* Release */ = {
			isa = XCBuildConfiguration;
			buildSettings = {
				ALWAYS_SEARCH_USER_PATHS = NO;
				DSTROOT = /tmp/boost.dst;
				GCC_PRECOMPILE_PREFIX_HEADER = YES;
				GCC_PREFIX_HEADER = "boost/boost-Prefix.pch";
				GCC_THUMB_SUPPORT = NO;
				GCC_VERSION = com.apple.compilers.llvmgcc42;
				HEADER_SEARCH_PATHS = $PROJECT_DIR/boost_1_44_0;
				IPHONEOS_DEPLOYMENT_TARGET = 4.1;
				ONLY_ACTIVE_ARCH = YES;
				OTHER_LDFLAGS = "-ObjC";
				PRODUCT_NAME = $TARGET_NAME;
				SYMROOT = $PROJECT_DIR/build;
				TARGETED_DEVICE_FAMILY = "1,2";
			};
			name = Release;
		};
/* End XCBuildConfiguration section */

/* Begin XCConfigurationList section */
		AA563C4714D39CC000D4A91D /* Build configuration list for PBXNativeTarget "boost_python" */ = {
			isa = XCConfigurationList;
			buildConfigurations = (
				AA563C4814D39CC000D4A91D /* Debug */,
				AA563C4914D39CC000D4A91D /* Release */,
			);
			defaultConfigurationIsVisible = 0;
			defaultConfigurationName = Release;
		};
		AA9CD1E4141FCD7A0064C27A /* Build configuration list for PBXProject "boost" */ = {
			isa = XCConfigurationList;
			buildConfigurations = (
				AA9CD1F2141FCD7A0064C27A /* Debug */,
				AA9CD1F3141FCD7A0064C27A /* Release */,
			);
			defaultConfigurationIsVisible = 0;
			defaultConfigurationName = Release;
		};
		AA9CD591141FCFCD0064C27A /* Build configuration list for PBXNativeTarget "boost_system" */ = {
			isa = XCConfigurationList;
			buildConfigurations = (
				AA9CD592141FCFCD0064C27A /* Debug */,
				AA9CD593141FCFCD0064C27A /* Release */,
			);
			defaultConfigurationIsVisible = 0;
			defaultConfigurationName = Release;
		};
		AA9CD59A141FCFD70064C27A /* Build configuration list for PBXNativeTarget "boost_filesystem" */ = {
			isa = XCConfigurationList;
			buildConfigurations = (
				AA9CD59B141FCFD70064C27A /* Debug */,
				AA9CD59C141FCFD70064C27A /* Release */,
			);
			defaultConfigurationIsVisible = 0;
			defaultConfigurationName = Release;
		};
		AA9CD5A3141FCFE00064C27A /* Build configuration list for PBXNativeTarget "boost_regex" */ = {
			isa = XCConfigurationList;
			buildConfigurations = (
				AA9CD5A4141FCFE00064C27A /* Debug */,
				AA9CD5A5141FCFE00064C27A /* Release */,
			);
			defaultConfigurationIsVisible = 0;
			defaultConfigurationName = Release;
		};
/* End XCConfigurationList section */
	};
	rootObject = AA9CD1E1141FCD7A0064C27A /* Project object */;
}
