// !$*UTF8*$!
{
	archiveVersion = 1;
	classes = {
	};
	objectVersion = 46;
	objects = {

/* Begin PBXBuildFile section */
		AAC9AC6F142011D600F56F9C /* Foundation.framework in Frameworks */ = {isa = PBXBuildFile; fileRef = AAC9AC6E142011D600F56F9C /* Foundation.framework */; };
		AAC9AC831420123F00F56F9C /* smartbody-dll.cpp in Sources */ = {isa = PBXBuildFile; fileRef = AAC9AC7E1420123F00F56F9C /* smartbody-dll.cpp */; };
		AAC9AC841420123F00F56F9C /* smartbody-c-dll.cpp in Sources */ = {isa = PBXBuildFile; fileRef = AAC9AC7F1420123F00F56F9C /* smartbody-c-dll.cpp */; };
		AAC9AC851420123F00F56F9C /* smartbody-c-dll.h in Headers */ = {isa = PBXBuildFile; fileRef = AAC9AC811420123F00F56F9C /* smartbody-c-dll.h */; };
		AAC9AC861420123F00F56F9C /* smartbody-dll.h in Headers */ = {isa = PBXBuildFile; fileRef = AAC9AC821420123F00F56F9C /* smartbody-dll.h */; };
/* End PBXBuildFile section */

/* Begin PBXFileReference section */
		AAC9AC6B142011D600F56F9C /* libsmartbody-dll.a */ = {isa = PBXFileReference; explicitFileType = archive.ar; includeInIndex = 0; path = "libsmartbody-dll.a"; sourceTree = BUILT_PRODUCTS_DIR; };
		AAC9AC6E142011D600F56F9C /* Foundation.framework */ = {isa = PBXFileReference; lastKnownFileType = wrapper.framework; name = Foundation.framework; path = System/Library/Frameworks/Foundation.framework; sourceTree = SDKROOT; };
		AAC9AC72142011D600F56F9C /* smartbody-dll-Prefix.pch */ = {isa = PBXFileReference; lastKnownFileType = sourcecode.c.h; path = "smartbody-dll-Prefix.pch"; sourceTree = "<group>"; };
		AAC9AC7E1420123F00F56F9C /* smartbody-dll.cpp */ = {isa = PBXFileReference; fileEncoding = 4; lastKnownFileType = sourcecode.cpp.cpp; name = "smartbody-dll.cpp"; path = "../../../core/smartbody/smartbody-dll/smartbody-dll.cpp"; sourceTree = "<group>"; };
		AAC9AC7F1420123F00F56F9C /* smartbody-c-dll.cpp */ = {isa = PBXFileReference; fileEncoding = 4; lastKnownFileType = sourcecode.cpp.cpp; name = "smartbody-c-dll.cpp"; path = "../../../core/smartbody/smartbody-dll/smartbody-c-dll.cpp"; sourceTree = "<group>"; };
		AAC9AC811420123F00F56F9C /* smartbody-c-dll.h */ = {isa = PBXFileReference; fileEncoding = 4; lastKnownFileType = sourcecode.c.h; path = "smartbody-c-dll.h"; sourceTree = "<group>"; };
		AAC9AC821420123F00F56F9C /* smartbody-dll.h */ = {isa = PBXFileReference; fileEncoding = 4; lastKnownFileType = sourcecode.c.h; path = "smartbody-dll.h"; sourceTree = "<group>"; };
/* End PBXFileReference section */

/* Begin PBXFrameworksBuildPhase section */
		AAC9AC68142011D600F56F9C /* Frameworks */ = {
			isa = PBXFrameworksBuildPhase;
			buildActionMask = 2147483647;
			files = (
				AAC9AC6F142011D600F56F9C /* Foundation.framework in Frameworks */,
			);
			runOnlyForDeploymentPostprocessing = 0;
		};
/* End PBXFrameworksBuildPhase section */

/* Begin PBXGroup section */
		AAC9AC60142011D600F56F9C = {
			isa = PBXGroup;
			children = (
				AAC9AC70142011D600F56F9C /* smartbody-dll */,
				AAC9AC6D142011D600F56F9C /* Frameworks */,
				AAC9AC6C142011D600F56F9C /* Products */,
			);
			sourceTree = "<group>";
		};
		AAC9AC6C142011D600F56F9C /* Products */ = {
			isa = PBXGroup;
			children = (
				AAC9AC6B142011D600F56F9C /* libsmartbody-dll.a */,
			);
			name = Products;
			sourceTree = "<group>";
		};
		AAC9AC6D142011D600F56F9C /* Frameworks */ = {
			isa = PBXGroup;
			children = (
				AAC9AC6E142011D600F56F9C /* Foundation.framework */,
			);
			name = Frameworks;
			sourceTree = "<group>";
		};
		AAC9AC70142011D600F56F9C /* smartbody-dll */ = {
			isa = PBXGroup;
			children = (
				AAC9AC7E1420123F00F56F9C /* smartbody-dll.cpp */,
				AAC9AC7F1420123F00F56F9C /* smartbody-c-dll.cpp */,
				AAC9AC801420123F00F56F9C /* include */,
				AAC9AC71142011D600F56F9C /* Supporting Files */,
			);
			path = "smartbody-dll";
			sourceTree = "<group>";
		};
		AAC9AC71142011D600F56F9C /* Supporting Files */ = {
			isa = PBXGroup;
			children = (
				AAC9AC72142011D600F56F9C /* smartbody-dll-Prefix.pch */,
			);
			name = "Supporting Files";
			sourceTree = "<group>";
		};
		AAC9AC801420123F00F56F9C /* include */ = {
			isa = PBXGroup;
			children = (
				AAC9AC811420123F00F56F9C /* smartbody-c-dll.h */,
				AAC9AC821420123F00F56F9C /* smartbody-dll.h */,
			);
			name = include;
			path = "../../../core/smartbody/smartbody-dll/include";
			sourceTree = "<group>";
		};
/* End PBXGroup section */

/* Begin PBXHeadersBuildPhase section */
		AAC9AC69142011D600F56F9C /* Headers */ = {
			isa = PBXHeadersBuildPhase;
			buildActionMask = 2147483647;
			files = (
				AAC9AC851420123F00F56F9C /* smartbody-c-dll.h in Headers */,
				AAC9AC861420123F00F56F9C /* smartbody-dll.h in Headers */,
			);
			runOnlyForDeploymentPostprocessing = 0;
		};
/* End PBXHeadersBuildPhase section */

/* Begin PBXNativeTarget section */
		AAC9AC6A142011D600F56F9C /* smartbody-dll */ = {
			isa = PBXNativeTarget;
			buildConfigurationList = AAC9AC75142011D600F56F9C /* Build configuration list for PBXNativeTarget "smartbody-dll" */;
			buildPhases = (
				AAC9AC67142011D600F56F9C /* Sources */,
				AAC9AC68142011D600F56F9C /* Frameworks */,
				AAC9AC69142011D600F56F9C /* Headers */,
				AA179171142177C200DCA9FE /* ShellScript */,
			);
			buildRules = (
			);
			dependencies = (
			);
			name = "smartbody-dll";
			productName = "smartbody-dll";
			productReference = AAC9AC6B142011D600F56F9C /* libsmartbody-dll.a */;
			productType = "com.apple.product-type.library.static";
		};
/* End PBXNativeTarget section */

/* Begin PBXProject section */
		AAC9AC62142011D600F56F9C /* Project object */ = {
			isa = PBXProject;
			buildConfigurationList = AAC9AC65142011D600F56F9C /* Build configuration list for PBXProject "smartbody-dll" */;
			compatibilityVersion = "Xcode 3.2";
			developmentRegion = English;
			hasScannedForEncodings = 0;
			knownRegions = (
				en,
			);
			mainGroup = AAC9AC60142011D600F56F9C;
			productRefGroup = AAC9AC6C142011D600F56F9C /* Products */;
			projectDirPath = "";
			projectRoot = "";
			targets = (
				AAC9AC6A142011D600F56F9C /* smartbody-dll */,
			);
		};
/* End PBXProject section */

/* Begin PBXShellScriptBuildPhase section */
		AA179171142177C200DCA9FE /* ShellScript */ = {
			isa = PBXShellScriptBuildPhase;
			buildActionMask = 2147483647;
			files = (
			);
			inputPaths = (
			);
			outputPaths = (
			);
			runOnlyForDeploymentPostprocessing = 0;
			shellPath = /bin/sh;
			shellScript = "cp $PROJECT_DIR/build/$CONFIGURATION$EFFECTIVE_PLATFORM_NAME/*.a $PROJECT_DIR/../libs/$PLATFORM_NAME";
		};
/* End PBXShellScriptBuildPhase section */

/* Begin PBXSourcesBuildPhase section */
		AAC9AC67142011D600F56F9C /* Sources */ = {
			isa = PBXSourcesBuildPhase;
			buildActionMask = 2147483647;
			files = (
				AAC9AC831420123F00F56F9C /* smartbody-dll.cpp in Sources */,
				AAC9AC841420123F00F56F9C /* smartbody-c-dll.cpp in Sources */,
			);
			runOnlyForDeploymentPostprocessing = 0;
		};
/* End PBXSourcesBuildPhase section */

/* Begin XCBuildConfiguration section */
		AAC9AC73142011D600F56F9C /* Debug */ = {
			isa = XCBuildConfiguration;
			buildSettings = {
				ARCHS = "$(ARCHS_STANDARD_32_BIT)";
				GCC_C_LANGUAGE_STANDARD = gnu99;
				GCC_OPTIMIZATION_LEVEL = 0;
				GCC_PREPROCESSOR_DEFINITIONS = DEBUG;
				GCC_SYMBOLS_PRIVATE_EXTERN = NO;
				GCC_VERSION = com.apple.compilers.llvmgcc42;
				GCC_WARN_ABOUT_RETURN_TYPE = YES;
				GCC_WARN_UNUSED_VARIABLE = YES;
				IPHONEOS_DEPLOYMENT_TARGET = 4.3;
				SDKROOT = iphoneos;
			};
			name = Debug;
		};
		AAC9AC74142011D600F56F9C /* Release */ = {
			isa = XCBuildConfiguration;
			buildSettings = {
				ARCHS = "$(ARCHS_STANDARD_32_BIT)";
				GCC_C_LANGUAGE_STANDARD = gnu99;
				GCC_VERSION = com.apple.compilers.llvmgcc42;
				GCC_WARN_ABOUT_RETURN_TYPE = YES;
				GCC_WARN_UNUSED_VARIABLE = YES;
				IPHONEOS_DEPLOYMENT_TARGET = 4.3;
				SDKROOT = iphoneos;
			};
			name = Release;
		};
		AAC9AC76142011D600F56F9C /* Debug */ = {
			isa = XCBuildConfiguration;
			buildSettings = {
				ALWAYS_SEARCH_USER_PATHS = NO;
				DSTROOT = /tmp/smartbody_dll.dst;
				GCC_PRECOMPILE_PREFIX_HEADER = YES;
				GCC_PREFIX_HEADER = "smartbody-dll/smartbody-dll-Prefix.pch";
				GCC_VERSION = com.apple.compilers.llvmgcc42;
				HEADER_SEARCH_PATHS = "";
				"HEADER_SEARCH_PATHS[sdk=iphoneos*][arch=*]" = (
					"../python/Python-2.6.5",
					"../python/Python-2.6.5/_install/include/python2.6",
					../boost/boost_1_44_0,
					"../boost/boost-numeric-bindings",
					"../xerces-c/iphoneos/include",
					../ode/iphoneos/include,
					"../activemq/activemq-cpp/iphoneos/include/activemq-cpp-3.4.0",
					"../../core/smartbody/sbm-debugger/lib",
					"../../core/smartbody/smartbody-lib/src",
					"../../core/smartbody/steersuite-1.3/pprAI/include",
					"../../core/smartbody/steersuite-1.3/steerlib/include",
					"../../core/smartbody/steersuite-1.3/external",
					../../lib/vhcl/include,
					"../../lib/vhmsg/vhmsg-c/include",
					../../lib/wsp/wsp/include,
					../../lib/bonebus/include,
				);
				"HEADER_SEARCH_PATHS[sdk=iphonesimulator*][arch=*]" = (
					"../python/Python-2.6.5",
					"../python/Python-2.6.5/_install/include/python2.6",
					../boost/boost_1_44_0,
					"../boost/boost-numeric-bindings",
					"../xerces-c/iphonesimulator/include",
					../ode/iphonesimulator/include,
					"../activemq/activemq-cpp/iphonesimulator/include/activemq-cpp-3.4.0",
					"../../core/smartbody/sbm-debugger/lib",
					"../../core/smartbody/smartbody-lib/src",
					"../../core/smartbody/steersuite-1.3/pprAI/include",
					"../../core/smartbody/steersuite-1.3/steerlib/include",
					"../../core/smartbody/steersuite-1.3/external",
					../../lib/vhcl/include,
					"../../lib/vhmsg/vhmsg-c/include",
					../../lib/wsp/wsp/include,
					../../lib/bonebus/include,
				);
				IPHONEOS_DEPLOYMENT_TARGET = 4.1;
				ONLY_ACTIVE_ARCH = YES;
				OTHER_LDFLAGS = "-ObjC";
				PRODUCT_NAME = "$(TARGET_NAME)";
				SYMROOT = $PROJECT_DIR/build;
				TARGETED_DEVICE_FAMILY = "1,2";
			};
			name = Debug;
		};
		AAC9AC77142011D600F56F9C /* Release */ = {
			isa = XCBuildConfiguration;
			buildSettings = {
				ALWAYS_SEARCH_USER_PATHS = NO;
				DSTROOT = /tmp/smartbody_dll.dst;
				GCC_PRECOMPILE_PREFIX_HEADER = YES;
				GCC_PREFIX_HEADER = "smartbody-dll/smartbody-dll-Prefix.pch";
				GCC_VERSION = com.apple.compilers.llvmgcc42;
				HEADER_SEARCH_PATHS = "";
				"HEADER_SEARCH_PATHS[sdk=iphoneos*][arch=*]" = (
					"../python/Python-2.6.5",
					"../python/Python-2.6.5/_install/include/python2.6",
					../boost/boost_1_44_0,
					"../boost/boost-numeric-bindings",
					"../xerces-c/iphoneos/include",
					../ode/iphoneos/include,
					"../activemq/activemq-cpp/iphoneos/include/activemq-cpp-3.4.0",
					"../../core/smartbody/sbm-debugger/lib",
					"../../core/smartbody/smartbody-lib/src",
					"../../core/smartbody/steersuite-1.3/pprAI/include",
					"../../core/smartbody/steersuite-1.3/steerlib/include",
					"../../core/smartbody/steersuite-1.3/external",
					../../lib/vhcl/include,
					"../../lib/vhmsg/vhmsg-c/include",
					../../lib/wsp/wsp/include,
					../../lib/bonebus/include,
				);
				"HEADER_SEARCH_PATHS[sdk=iphonesimulator*][arch=*]" = (
					"../python/Python-2.6.5",
					"../python/Python-2.6.5/_install/include/python2.6",
					../boost/boost_1_44_0,
					"../boost/boost-numeric-bindings",
					"../xerces-c/iphonesimulator/include",
					../ode/iphonesimulator/include,
					"../activemq/activemq-cpp/iphonesimulator/include/activemq-cpp-3.4.0",
					"../../core/smartbody/sbm-debugger/lib",
					"../../core/smartbody/smartbody-lib/src",
					"../../core/smartbody/steersuite-1.3/pprAI/include",
					"../../core/smartbody/steersuite-1.3/steerlib/include",
					"../../core/smartbody/steersuite-1.3/external",
					../../lib/vhcl/include,
					"../../lib/vhmsg/vhmsg-c/include",
					../../lib/wsp/wsp/include,
					../../lib/bonebus/include,
				);
				IPHONEOS_DEPLOYMENT_TARGET = 4.1;
				ONLY_ACTIVE_ARCH = YES;
				OTHER_LDFLAGS = "-ObjC";
				PRODUCT_NAME = "$(TARGET_NAME)";
				SYMROOT = $PROJECT_DIR/build;
				TARGETED_DEVICE_FAMILY = "1,2";
			};
			name = Release;
		};
/* End XCBuildConfiguration section */

/* Begin XCConfigurationList section */
		AAC9AC65142011D600F56F9C /* Build configuration list for PBXProject "smartbody-dll" */ = {
			isa = XCConfigurationList;
			buildConfigurations = (
				AAC9AC73142011D600F56F9C /* Debug */,
				AAC9AC74142011D600F56F9C /* Release */,
			);
			defaultConfigurationIsVisible = 0;
			defaultConfigurationName = Release;
		};
		AAC9AC75142011D600F56F9C /* Build configuration list for PBXNativeTarget "smartbody-dll" */ = {
			isa = XCConfigurationList;
			buildConfigurations = (
				AAC9AC76142011D600F56F9C /* Debug */,
				AAC9AC77142011D600F56F9C /* Release */,
			);
			defaultConfigurationIsVisible = 0;
			defaultConfigurationName = Release;
		};
/* End XCConfigurationList section */
	};
	rootObject = AAC9AC62142011D600F56F9C /* Project object */;
}
