// !$*UTF8*$!
{
	archiveVersion = 1;
	classes = {
	};
	objectVersion = 46;
	objects = {

/* Begin PBXBuildFile section */
		AA9CD1A0141FC9490064C27A /* Foundation.framework in Frameworks */ = {isa = PBXBuildFile; fileRef = AA9CD19F141FC9490064C27A /* Foundation.framework */; };
		AA9CD1AF141FC9880064C27A /* bonebus-c.cpp in Sources */ = {isa = PBXBuildFile; fileRef = AA9CD1AA141FC9880064C27A /* bonebus-c.cpp */; };
		AA9CD1B0141FC9880064C27A /* bonebus.cpp in Sources */ = {isa = PBXBuildFile; fileRef = AA9CD1AB141FC9880064C27A /* bonebus.cpp */; };
/* End PBXBuildFile section */

/* Begin PBXFileReference section */
		AA9CD19C141FC9490064C27A /* libbonebus.a */ = {isa = PBXFileReference; explicitFileType = archive.ar; includeInIndex = 0; path = libbonebus.a; sourceTree = BUILT_PRODUCTS_DIR; };
		AA9CD19F141FC9490064C27A /* Foundation.framework */ = {isa = PBXFileReference; lastKnownFileType = wrapper.framework; name = Foundation.framework; path = System/Library/Frameworks/Foundation.framework; sourceTree = SDKROOT; };
		AA9CD1A3141FC94A0064C27A /* bonebus-Prefix.pch */ = {isa = PBXFileReference; lastKnownFileType = sourcecode.c.h; path = "bonebus-Prefix.pch"; sourceTree = "<group>"; };
		AA9CD1AA141FC9880064C27A /* bonebus-c.cpp */ = {isa = PBXFileReference; fileEncoding = 4; lastKnownFileType = sourcecode.cpp.cpp; path = "bonebus-c.cpp"; sourceTree = "<group>"; };
		AA9CD1AB141FC9880064C27A /* bonebus.cpp */ = {isa = PBXFileReference; fileEncoding = 4; lastKnownFileType = sourcecode.cpp.cpp; path = bonebus.cpp; sourceTree = "<group>"; };
/* End PBXFileReference section */

/* Begin PBXFrameworksBuildPhase section */
		AA9CD199141FC9490064C27A /* Frameworks */ = {
			isa = PBXFrameworksBuildPhase;
			buildActionMask = 2147483647;
			files = (
				AA9CD1A0141FC9490064C27A /* Foundation.framework in Frameworks */,
			);
			runOnlyForDeploymentPostprocessing = 0;
		};
/* End PBXFrameworksBuildPhase section */

/* Begin PBXGroup section */
		AA9CD191141FC9490064C27A = {
			isa = PBXGroup;
			children = (
				AA9CD1A1141FC9490064C27A /* bonebus */,
				AA9CD19E141FC9490064C27A /* Frameworks */,
				AA9CD19D141FC9490064C27A /* Products */,
			);
			sourceTree = "<group>";
		};
		AA9CD19D141FC9490064C27A /* Products */ = {
			isa = PBXGroup;
			children = (
				AA9CD19C141FC9490064C27A /* libbonebus.a */,
			);
			name = Products;
			sourceTree = "<group>";
		};
		AA9CD19E141FC9490064C27A /* Frameworks */ = {
			isa = PBXGroup;
			children = (
				AA9CD19F141FC9490064C27A /* Foundation.framework */,
			);
			name = Frameworks;
			sourceTree = "<group>";
		};
		AA9CD1A1141FC9490064C27A /* bonebus */ = {
			isa = PBXGroup;
			children = (
				AA9CD1A9141FC9880064C27A /* src */,
				AA9CD1A2141FC94A0064C27A /* Supporting Files */,
			);
			path = bonebus;
			sourceTree = "<group>";
		};
		AA9CD1A2141FC94A0064C27A /* Supporting Files */ = {
			isa = PBXGroup;
			children = (
				AA9CD1A3141FC94A0064C27A /* bonebus-Prefix.pch */,
			);
			name = "Supporting Files";
			sourceTree = "<group>";
		};
		AA9CD1A9141FC9880064C27A /* src */ = {
			isa = PBXGroup;
			children = (
				AA9CD1AA141FC9880064C27A /* bonebus-c.cpp */,
				AA9CD1AB141FC9880064C27A /* bonebus.cpp */,
			);
			name = src;
			path = ../../../lib/bonebus/src;
			sourceTree = "<group>";
		};
/* End PBXGroup section */

/* Begin PBXHeadersBuildPhase section */
		AA9CD19A141FC9490064C27A /* Headers */ = {
			isa = PBXHeadersBuildPhase;
			buildActionMask = 2147483647;
			files = (
			);
			runOnlyForDeploymentPostprocessing = 0;
		};
/* End PBXHeadersBuildPhase section */

/* Begin PBXNativeTarget section */
		AA9CD19B141FC9490064C27A /* bonebus */ = {
			isa = PBXNativeTarget;
			buildConfigurationList = AA9CD1A6141FC94A0064C27A /* Build configuration list for PBXNativeTarget "bonebus" */;
			buildPhases = (
				AA9CD198141FC9490064C27A /* Sources */,
				AA9CD199141FC9490064C27A /* Frameworks */,
				AA9CD19A141FC9490064C27A /* Headers */,
				AA179149142169C800DCA9FE /* ShellScript */,
			);
			buildRules = (
			);
			dependencies = (
			);
			name = bonebus;
			productName = bonebus;
			productReference = AA9CD19C141FC9490064C27A /* libbonebus.a */;
			productType = "com.apple.product-type.library.static";
		};
/* End PBXNativeTarget section */

/* Begin PBXProject section */
		AA9CD193141FC9490064C27A /* Project object */ = {
			isa = PBXProject;
			attributes = {
			};
			buildConfigurationList = AA9CD196141FC9490064C27A /* Build configuration list for PBXProject "bonebus" */;
			compatibilityVersion = "Xcode 3.2";
			developmentRegion = English;
			hasScannedForEncodings = 0;
			knownRegions = (
				en,
			);
			mainGroup = AA9CD191141FC9490064C27A;
			productRefGroup = AA9CD19D141FC9490064C27A /* Products */;
			projectDirPath = "";
			projectRoot = "";
			targets = (
				AA9CD19B141FC9490064C27A /* bonebus */,
			);
		};
/* End PBXProject section */

/* Begin PBXShellScriptBuildPhase section */
		AA179149142169C800DCA9FE /* ShellScript */ = {
			isa = PBXShellScriptBuildPhase;
			buildActionMask = 2147483647;
			files = (
			);
			inputPaths = (
			);
			outputPaths = (
			);
			runOnlyForDeploymentPostprocessing = 0;
			shellPath = /bin/sh;
			shellScript = "cp $BUILD_DIR/$CONFIGURATION$EFFECTIVE_PLATFORM_NAME/*.a $PROJECT_DIR/../libs/$PLATFORM_NAME";
		};
/* End PBXShellScriptBuildPhase section */

/* Begin PBXSourcesBuildPhase section */
		AA9CD198141FC9490064C27A /* Sources */ = {
			isa = PBXSourcesBuildPhase;
			buildActionMask = 2147483647;
			files = (
				AA9CD1AF141FC9880064C27A /* bonebus-c.cpp in Sources */,
				AA9CD1B0141FC9880064C27A /* bonebus.cpp in Sources */,
			);
			runOnlyForDeploymentPostprocessing = 0;
		};
/* End PBXSourcesBuildPhase section */

/* Begin XCBuildConfiguration section */
		AA9CD1A4141FC94A0064C27A /* Debug */ = {
			isa = XCBuildConfiguration;
			buildSettings = {
				ARCHS = "$(ARCHS_STANDARD_32_BIT)";
				GCC_C_LANGUAGE_STANDARD = gnu99;
				GCC_OPTIMIZATION_LEVEL = 0;
				GCC_PREPROCESSOR_DEFINITIONS = DEBUG;
				GCC_SYMBOLS_PRIVATE_EXTERN = NO;
				GCC_VERSION = com.apple.compilers.llvmgcc42;
				GCC_WARN_ABOUT_RETURN_TYPE = YES;
				GCC_WARN_UNUSED_VARIABLE = YES;
				IPHONEOS_DEPLOYMENT_TARGET = 4.3;
				SDKROOT = iphoneos;
			};
			name = Debug;
		};
		AA9CD1A5141FC94A0064C27A /* Release */ = {
			isa = XCBuildConfiguration;
			buildSettings = {
				ARCHS = "$(ARCHS_STANDARD_32_BIT)";
				GCC_C_LANGUAGE_STANDARD = gnu99;
				GCC_VERSION = com.apple.compilers.llvmgcc42;
				GCC_WARN_ABOUT_RETURN_TYPE = YES;
				GCC_WARN_UNUSED_VARIABLE = YES;
				IPHONEOS_DEPLOYMENT_TARGET = 4.3;
				SDKROOT = iphoneos;
			};
			name = Release;
		};
		AA9CD1A7141FC94A0064C27A /* Debug */ = {
			isa = XCBuildConfiguration;
			buildSettings = {
				ALWAYS_SEARCH_USER_PATHS = NO;
				DSTROOT = /tmp/bonebus.dst;
				GCC_PRECOMPILE_PREFIX_HEADER = YES;
				GCC_PREFIX_HEADER = "bonebus/bonebus-Prefix.pch";
				GCC_VERSION = "";
				HEADER_SEARCH_PATHS = (
					../../lib/bonebus/include,
					../../lib/vhcl/include,
				);
				IPHONEOS_DEPLOYMENT_TARGET = 4.1;
				ONLY_ACTIVE_ARCH = YES;
				OTHER_LDFLAGS = "-ObjC";
				PRODUCT_NAME = "$(TARGET_NAME)";
				SYMROOT = $PROJECT_DIR/build;
				TARGETED_DEVICE_FAMILY = "1,2";
			};
			name = Debug;
		};
		AA9CD1A8141FC94A0064C27A /* Release */ = {
			isa = XCBuildConfiguration;
			buildSettings = {
				ALWAYS_SEARCH_USER_PATHS = NO;
				DSTROOT = /tmp/bonebus.dst;
				GCC_PRECOMPILE_PREFIX_HEADER = YES;
				GCC_PREFIX_HEADER = "bonebus/bonebus-Prefix.pch";
				GCC_VERSION = "";
				HEADER_SEARCH_PATHS = (
					../../lib/bonebus/include,
					../../lib/vhcl/include,
				);
				IPHONEOS_DEPLOYMENT_TARGET = 4.1;
				ONLY_ACTIVE_ARCH = YES;
				OTHER_LDFLAGS = "-ObjC";
				PRODUCT_NAME = "$(TARGET_NAME)";
				SYMROOT = $PROJECT_DIR/build;
				TARGETED_DEVICE_FAMILY = "1,2";
			};
			name = Release;
		};
/* End XCBuildConfiguration section */

/* Begin XCConfigurationList section */
		AA9CD196141FC9490064C27A /* Build configuration list for PBXProject "bonebus" */ = {
			isa = XCConfigurationList;
			buildConfigurations = (
				AA9CD1A4141FC94A0064C27A /* Debug */,
				AA9CD1A5141FC94A0064C27A /* Release */,
			);
			defaultConfigurationIsVisible = 0;
			defaultConfigurationName = Release;
		};
		AA9CD1A6141FC94A0064C27A /* Build configuration list for PBXNativeTarget "bonebus" */ = {
			isa = XCConfigurationList;
			buildConfigurations = (
				AA9CD1A7141FC94A0064C27A /* Debug */,
				AA9CD1A8141FC94A0064C27A /* Release */,
			);
			defaultConfigurationIsVisible = 0;
			defaultConfigurationName = Release;
		};
/* End XCConfigurationList section */
	};
	rootObject = AA9CD193141FC9490064C27A /* Project object */;
}
